// !$*UTF8*$!
{
	archiveVersion = 1;
	classes = {
	};
	objectVersion = 46;
	objects = {

/* Begin PBXBuildFile section */
		1E1750D41D279289000E6D56 /* AssetsLibrary.framework in Frameworks */ = {isa = PBXBuildFile; fileRef = 1E1750D31D279289000E6D56 /* AssetsLibrary.framework */; };
		1E1750D61D27928D000E6D56 /* AudioToolbox.framework in Frameworks */ = {isa = PBXBuildFile; fileRef = 1E1750D51D27928D000E6D56 /* AudioToolbox.framework */; };
		1E1750D81D279291000E6D56 /* AVFoundation.framework in Frameworks */ = {isa = PBXBuildFile; fileRef = 1E1750D71D279291000E6D56 /* AVFoundation.framework */; };
		1E1750DA1D279294000E6D56 /* CFNetwork.framework in Frameworks */ = {isa = PBXBuildFile; fileRef = 1E1750D91D279294000E6D56 /* CFNetwork.framework */; };
		1E1750DC1D27929A000E6D56 /* CoreAudio.framework in Frameworks */ = {isa = PBXBuildFile; fileRef = 1E1750DB1D27929A000E6D56 /* CoreAudio.framework */; };
		1E1750DE1D27929F000E6D56 /* CoreGraphics.framework in Frameworks */ = {isa = PBXBuildFile; fileRef = 1E1750DD1D27929F000E6D56 /* CoreGraphics.framework */; };
		1E1750E01D2792A4000E6D56 /* CoreLocation.framework in Frameworks */ = {isa = PBXBuildFile; fileRef = 1E1750DF1D2792A4000E6D56 /* CoreLocation.framework */; };
		1E1750E21D2792A9000E6D56 /* CoreMedia.framework in Frameworks */ = {isa = PBXBuildFile; fileRef = 1E1750E11D2792A9000E6D56 /* CoreMedia.framework */; };
		1E1750E41D2792AD000E6D56 /* CoreTelephony.framework in Frameworks */ = {isa = PBXBuildFile; fileRef = 1E1750E31D2792AD000E6D56 /* CoreTelephony.framework */; };
		1E1750E61D2792B3000E6D56 /* CoreVideo.framework in Frameworks */ = {isa = PBXBuildFile; fileRef = 1E1750E51D2792B3000E6D56 /* CoreVideo.framework */; };
		1E1750E81D2792B8000E6D56 /* ImageIO.framework in Frameworks */ = {isa = PBXBuildFile; fileRef = 1E1750E71D2792B8000E6D56 /* ImageIO.framework */; };
		1E1750EA1D2792BE000E6D56 /* libc++.tbd in Frameworks */ = {isa = PBXBuildFile; fileRef = 1E1750E91D2792BE000E6D56 /* libc++.tbd */; };
		1E1750EC1D2792C3000E6D56 /* libc++abi.tbd in Frameworks */ = {isa = PBXBuildFile; fileRef = 1E1750EB1D2792C3000E6D56 /* libc++abi.tbd */; };
		1E1750EE1D2792C9000E6D56 /* libsqlite3.tbd in Frameworks */ = {isa = PBXBuildFile; fileRef = 1E1750ED1D2792C9000E6D56 /* libsqlite3.tbd */; };
		1E1750F01D2792D0000E6D56 /* libstdc++.tbd in Frameworks */ = {isa = PBXBuildFile; fileRef = 1E1750EF1D2792D0000E6D56 /* libstdc++.tbd */; };
		1E1750F21D2792DB000E6D56 /* libxml2.tbd in Frameworks */ = {isa = PBXBuildFile; fileRef = 1E1750F11D2792DB000E6D56 /* libxml2.tbd */; };
		1E1750F41D2792E1000E6D56 /* libz.tbd in Frameworks */ = {isa = PBXBuildFile; fileRef = 1E1750F31D2792E1000E6D56 /* libz.tbd */; };
		1E1750F61D2792E7000E6D56 /* MapKit.framework in Frameworks */ = {isa = PBXBuildFile; fileRef = 1E1750F51D2792E7000E6D56 /* MapKit.framework */; };
		1E1750F81D2792EB000E6D56 /* OpenGLES.framework in Frameworks */ = {isa = PBXBuildFile; fileRef = 1E1750F71D2792EB000E6D56 /* OpenGLES.framework */; };
		1E1750FA1D2792F0000E6D56 /* QuartzCore.framework in Frameworks */ = {isa = PBXBuildFile; fileRef = 1E1750F91D2792F0000E6D56 /* QuartzCore.framework */; };
		1E1750FC1D2792FC000E6D56 /* SystemConfiguration.framework in Frameworks */ = {isa = PBXBuildFile; fileRef = 1E1750FB1D2792FC000E6D56 /* SystemConfiguration.framework */; };
		1E1750FE1D279300000E6D56 /* UIKit.framework in Frameworks */ = {isa = PBXBuildFile; fileRef = 1E1750FD1D279300000E6D56 /* UIKit.framework */; };
		1E1751051D27B781000E6D56 /* ChatViewModel.m in Sources */ = {isa = PBXBuildFile; fileRef = 1E1751041D27B781000E6D56 /* ChatViewModel.m */; };
		1E1751081D27C75D000E6D56 /* WZXConversation.m in Sources */ = {isa = PBXBuildFile; fileRef = 1E1751071D27C75D000E6D56 /* WZXConversation.m */; };
		1E37779A1D24F59200C9B39A /* AVOSCloud.framework in Frameworks */ = {isa = PBXBuildFile; fileRef = 1E3777981D24F44D00C9B39A /* AVOSCloud.framework */; };
		1E37779B1D24F59200C9B39A /* AVOSCloud.framework in Embed Frameworks */ = {isa = PBXBuildFile; fileRef = 1E3777981D24F44D00C9B39A /* AVOSCloud.framework */; settings = {ATTRIBUTES = (CodeSignOnCopy, RemoveHeadersOnCopy, ); }; };
		1E442E4E1D222251003BD8BD /* WZXExtension.m in Sources */ = {isa = PBXBuildFile; fileRef = 1E442E4D1D222251003BD8BD /* WZXExtension.m */; };
		1E442E521D2244DF003BD8BD /* MeCell.m in Sources */ = {isa = PBXBuildFile; fileRef = 1E442E501D2244DF003BD8BD /* MeCell.m */; };
		1E442E531D2244DF003BD8BD /* MeCell.xib in Resources */ = {isa = PBXBuildFile; fileRef = 1E442E511D2244DF003BD8BD /* MeCell.xib */; };
		1E442E561D224974003BD8BD /* UserObject.m in Sources */ = {isa = PBXBuildFile; fileRef = 1E442E551D224974003BD8BD /* UserObject.m */; };
		1E443CCD1D225B55003BD8BD /* RLMRealm+WZXExtension.m in Sources */ = {isa = PBXBuildFile; fileRef = 1E443CCC1D225B55003BD8BD /* RLMRealm+WZXExtension.m */; };
		1E68AC5D1D2CAD8600AC63E9 /* ChatDetailViewController.m in Sources */ = {isa = PBXBuildFile; fileRef = 1E68AC5C1D2CAD8600AC63E9 /* ChatDetailViewController.m */; };
		1E68ACBF1D2D2FDE00AC63E9 /* BubbleView.m in Sources */ = {isa = PBXBuildFile; fileRef = 1E68ACBE1D2D2FDE00AC63E9 /* BubbleView.m */; };
		1E68ACC21D2DF66D00AC63E9 /* MessageModel.m in Sources */ = {isa = PBXBuildFile; fileRef = 1E68ACC11D2DF66D00AC63E9 /* MessageModel.m */; };
		1EA5C7391D2F915300627DC0 /* WZXTimeTool.m in Sources */ = {isa = PBXBuildFile; fileRef = 1EA5C7381D2F915300627DC0 /* WZXTimeTool.m */; };
		1EA5C73C1D2F990800627DC0 /* KeyboardView.m in Sources */ = {isa = PBXBuildFile; fileRef = 1EA5C73B1D2F990800627DC0 /* KeyboardView.m */; };
		1EA692E21DB719F80066610F /* PrivateChatCell.m in Sources */ = {isa = PBXBuildFile; fileRef = 1EA692E11DB719F80066610F /* PrivateChatCell.m */; };
		1EE1E6AD1D2500ED00579978 /* BaseImgPickerViewController.m in Sources */ = {isa = PBXBuildFile; fileRef = 1EE1E6AC1D2500ED00579978 /* BaseImgPickerViewController.m */; };
		1EE1E6FB1D25284200579978 /* AddressBookViewModel.m in Sources */ = {isa = PBXBuildFile; fileRef = 1EE1E6FA1D25284200579978 /* AddressBookViewModel.m */; };
		1EE1E7451D26563800579978 /* ChatViewController.m in Sources */ = {isa = PBXBuildFile; fileRef = 1EE1E7421D26563800579978 /* ChatViewController.m */; };
		1EE1E7491D2656FA00579978 /* BaseChatViewController.m in Sources */ = {isa = PBXBuildFile; fileRef = 1EE1E7481D2656FA00579978 /* BaseChatViewController.m */; };
		1EE1E74D1D26577B00579978 /* ConversationCell.m in Sources */ = {isa = PBXBuildFile; fileRef = 1EE1E74B1D26577B00579978 /* ConversationCell.m */; };
		1EE1E7551D265A6800579978 /* AddressBookCell.m in Sources */ = {isa = PBXBuildFile; fileRef = 1EE1E7531D265A6800579978 /* AddressBookCell.m */; };
		1EE28CFB1D22671A00DD1C6A /* StartViewController.m in Sources */ = {isa = PBXBuildFile; fileRef = 1EE28CFA1D22671A00DD1C6A /* StartViewController.m */; };
		1EE28CFE1D22673900DD1C6A /* LoginViewController.m in Sources */ = {isa = PBXBuildFile; fileRef = 1EE28CFD1D22673900DD1C6A /* LoginViewController.m */; };
		1EE28D011D22674500DD1C6A /* RegisterViewController.m in Sources */ = {isa = PBXBuildFile; fileRef = 1EE28D001D22674500DD1C6A /* RegisterViewController.m */; };
		1EE28D041D22744000DD1C6A /* RootViewController.m in Sources */ = {isa = PBXBuildFile; fileRef = 1EE28D031D22744000DD1C6A /* RootViewController.m */; };
		1EE28D071D227EA900DD1C6A /* LoginContentView.m in Sources */ = {isa = PBXBuildFile; fileRef = 1EE28D061D227EA900DD1C6A /* LoginContentView.m */; };
		1EE28D111D23726900DD1C6A /* LoginViewModel.m in Sources */ = {isa = PBXBuildFile; fileRef = 1EE28D101D23726900DD1C6A /* LoginViewModel.m */; };
		1EE28D141D23780B00DD1C6A /* RegisterContentView.m in Sources */ = {isa = PBXBuildFile; fileRef = 1EE28D131D23780B00DD1C6A /* RegisterContentView.m */; };
		1EE28D171D237AE600DD1C6A /* RegisterViewModel.m in Sources */ = {isa = PBXBuildFile; fileRef = 1EE28D161D237AE600DD1C6A /* RegisterViewModel.m */; };
		1EE28D1D1D23A6C700DD1C6A /* StartViewModel.m in Sources */ = {isa = PBXBuildFile; fileRef = 1EE28D1C1D23A6C700DD1C6A /* StartViewModel.m */; };
		1EE28D201D23AAF600DD1C6A /* EditMeanViewController.m in Sources */ = {isa = PBXBuildFile; fileRef = 1EE28D1F1D23AAF600DD1C6A /* EditMeanViewController.m */; };
		1EE28D261D23C9B400DD1C6A /* ChangeDataViewController.m in Sources */ = {isa = PBXBuildFile; fileRef = 1EE28D251D23C9B400DD1C6A /* ChangeDataViewController.m */; };
		1EE28D2C1D23ED5A00DD1C6A /* ChangeDataViewModel.m in Sources */ = {isa = PBXBuildFile; fileRef = 1EE28D2B1D23ED5A00DD1C6A /* ChangeDataViewModel.m */; };
		1EE28D321D23F07E00DD1C6A /* WZXAction.m in Sources */ = {isa = PBXBuildFile; fileRef = 1EE28D2F1D23F07E00DD1C6A /* WZXAction.m */; };
		1EE28D331D23F07E00DD1C6A /* WZXSheetView.m in Sources */ = {isa = PBXBuildFile; fileRef = 1EE28D311D23F07E00DD1C6A /* WZXSheetView.m */; };
		1EE28D361D24B0CA00DD1C6A /* ChangeAvaterViewController.m in Sources */ = {isa = PBXBuildFile; fileRef = 1EE28D351D24B0CA00DD1C6A /* ChangeAvaterViewController.m */; };
		1EE2901D1D2143DD00FBB308 /* main.m in Sources */ = {isa = PBXBuildFile; fileRef = 1EE2901C1D2143DD00FBB308 /* main.m */; };
		1EE290281D2143DD00FBB308 /* Assets.xcassets in Resources */ = {isa = PBXBuildFile; fileRef = 1EE290271D2143DD00FBB308 /* Assets.xcassets */; };
		1EE2902B1D2143DD00FBB308 /* LaunchScreen.storyboard in Resources */ = {isa = PBXBuildFile; fileRef = 1EE290291D2143DD00FBB308 /* LaunchScreen.storyboard */; };
		1EE290361D2143DD00FBB308 /* WWeChatTests.m in Sources */ = {isa = PBXBuildFile; fileRef = 1EE290351D2143DD00FBB308 /* WWeChatTests.m */; };
		1EE290411D2143DD00FBB308 /* WWeChatUITests.m in Sources */ = {isa = PBXBuildFile; fileRef = 1EE290401D2143DD00FBB308 /* WWeChatUITests.m */; };
		1EE292141D21442000FBB308 /* AppDelegate.m in Sources */ = {isa = PBXBuildFile; fileRef = 1EE290501D21441F00FBB308 /* AppDelegate.m */; };
		1EE292151D21442000FBB308 /* ThridPartService.m in Sources */ = {isa = PBXBuildFile; fileRef = 1EE290521D21441F00FBB308 /* ThridPartService.m */; };
		1EE292181D21442000FBB308 /* BaseModel.m in Sources */ = {isa = PBXBuildFile; fileRef = 1EE2905B1D21441F00FBB308 /* BaseModel.m */; };
		1EE292191D21442000FBB308 /* BaseTextField.m in Sources */ = {isa = PBXBuildFile; fileRef = 1EE2905D1D21441F00FBB308 /* BaseTextField.m */; };
		1EE2921A1D21442000FBB308 /* BaseView.m in Sources */ = {isa = PBXBuildFile; fileRef = 1EE2905F1D21441F00FBB308 /* BaseView.m */; };
		1EE2921C1D21442000FBB308 /* BaseViewModel.m in Sources */ = {isa = PBXBuildFile; fileRef = 1EE290631D21441F00FBB308 /* BaseViewModel.m */; };
		1EE2921D1D21442000FBB308 /* NSDictionary+WZXExtension.m in Sources */ = {isa = PBXBuildFile; fileRef = 1EE290671D21441F00FBB308 /* NSDictionary+WZXExtension.m */; };
		1EE2921E1D21442000FBB308 /* NSString+WZXExtension.m in Sources */ = {isa = PBXBuildFile; fileRef = 1EE290691D21441F00FBB308 /* NSString+WZXExtension.m */; };
		1EE2921F1D21442000FBB308 /* UIButton+LocalString.m in Sources */ = {isa = PBXBuildFile; fileRef = 1EE2906B1D21441F00FBB308 /* UIButton+LocalString.m */; };
		1EE292201D21442000FBB308 /* UILabel+LocalString.m in Sources */ = {isa = PBXBuildFile; fileRef = 1EE2906D1D21441F00FBB308 /* UILabel+LocalString.m */; };
		1EE292211D21442000FBB308 /* UIScrollView+WZXExtension.m in Sources */ = {isa = PBXBuildFile; fileRef = 1EE2906F1D21441F00FBB308 /* UIScrollView+WZXExtension.m */; };
		1EE292221D21442000FBB308 /* UITextField+LocalString.m in Sources */ = {isa = PBXBuildFile; fileRef = 1EE290711D21441F00FBB308 /* UITextField+LocalString.m */; };
		1EE292231D21442000FBB308 /* UITextView+LocalString.m in Sources */ = {isa = PBXBuildFile; fileRef = 1EE290731D21441F00FBB308 /* UITextView+LocalString.m */; };
		1EE292241D21442000FBB308 /* UIView+WZXExtension.m in Sources */ = {isa = PBXBuildFile; fileRef = 1EE290751D21441F00FBB308 /* UIView+WZXExtension.m */; };
		1EE2933A1D21442000FBB308 /* Statics.m in Sources */ = {isa = PBXBuildFile; fileRef = 1EE291A51D21441F00FBB308 /* Statics.m */; };
		1EE2933C1D21442000FBB308 /* WZXKeyChain.m in Sources */ = {isa = PBXBuildFile; fileRef = 1EE291A91D21441F00FBB308 /* WZXKeyChain.m */; };
		1EE2933D1D21442000FBB308 /* WZXProgressTool.m in Sources */ = {isa = PBXBuildFile; fileRef = 1EE291AB1D21441F00FBB308 /* WZXProgressTool.m */; };
		1EE293531D21442000FBB308 /* ProgressHUD.bundle in Resources */ = {isa = PBXBuildFile; fileRef = 1EE291F11D21442000FBB308 /* ProgressHUD.bundle */; };
		1EE293541D21442000FBB308 /* ProgressHUD.m in Sources */ = {isa = PBXBuildFile; fileRef = 1EE291F31D21442000FBB308 /* ProgressHUD.m */; };
		1EE293551D21442000FBB308 /* WDNetworking.m in Sources */ = {isa = PBXBuildFile; fileRef = 1EE291F61D21442000FBB308 /* WDNetworking.m */; };
		1EE293561D21442000FBB308 /* UIView+WZXLines.m in Sources */ = {isa = PBXBuildFile; fileRef = 1EE291F91D21442000FBB308 /* UIView+WZXLines.m */; };
		1EE293571D21442000FBB308 /* WZXThreadManager.m in Sources */ = {isa = PBXBuildFile; fileRef = 1EE291FD1D21442000FBB308 /* WZXThreadManager.m */; };
		1EE293581D21442000FBB308 /* WZXFlipAnimation.m in Sources */ = {isa = PBXBuildFile; fileRef = 1EE292011D21442000FBB308 /* WZXFlipAnimation.m */; };
		1EE293591D21442000FBB308 /* UIViewController+WZXModalTransitioning.m in Sources */ = {isa = PBXBuildFile; fileRef = 1EE292031D21442000FBB308 /* UIViewController+WZXModalTransitioning.m */; };
		1EE2935A1D21442000FBB308 /* UIViewController+WZXPushTransitioning.m in Sources */ = {isa = PBXBuildFile; fileRef = 1EE292051D21442000FBB308 /* UIViewController+WZXPushTransitioning.m */; };
		1EE2935B1D21442000FBB308 /* WZXAnimation.m in Sources */ = {isa = PBXBuildFile; fileRef = 1EE292071D21442000FBB308 /* WZXAnimation.m */; };
		1EE2935C1D21442000FBB308 /* YYFPSLabel.m in Sources */ = {isa = PBXBuildFile; fileRef = 1EE2920B1D21442000FBB308 /* YYFPSLabel.m */; };
		1EE293621D2144CA00FBB308 /* WZXConstant.m in Sources */ = {isa = PBXBuildFile; fileRef = 1EE293611D2144CA00FBB308 /* WZXConstant.m */; };
		1EE293671D214A4C00FBB308 /* BaseViewController.m in Sources */ = {isa = PBXBuildFile; fileRef = 1EE293661D214A4C00FBB308 /* BaseViewController.m */; };
		1EE293901D2208A100FBB308 /* TabBarViewController.m in Sources */ = {isa = PBXBuildFile; fileRef = 1EE2938F1D2208A100FBB308 /* TabBarViewController.m */; };
		1EE293AA1D22091900FBB308 /* AddressBookViewController.m in Sources */ = {isa = PBXBuildFile; fileRef = 1EE293A91D22091900FBB308 /* AddressBookViewController.m */; };
		1EE293AD1D22092400FBB308 /* MeViewController.m in Sources */ = {isa = PBXBuildFile; fileRef = 1EE293AC1D22092400FBB308 /* MeViewController.m */; };
		1EE293B01D22093000FBB308 /* ZoneViewController.m in Sources */ = {isa = PBXBuildFile; fileRef = 1EE293AF1D22093000FBB308 /* ZoneViewController.m */; };
		B10701D1A69C149F957ABCBB /* Pods_WWeChat.framework in Frameworks */ = {isa = PBXBuildFile; fileRef = 847C42E86E7F4B642353B329 /* Pods_WWeChat.framework */; };
/* End PBXBuildFile section */

/* Begin PBXContainerItemProxy section */
		1EE290321D2143DD00FBB308 /* PBXContainerItemProxy */ = {
			isa = PBXContainerItemProxy;
			containerPortal = 1EE290101D2143DD00FBB308 /* Project object */;
			proxyType = 1;
			remoteGlobalIDString = 1EE290171D2143DD00FBB308;
			remoteInfo = WWeChat;
		};
		1EE2903D1D2143DD00FBB308 /* PBXContainerItemProxy */ = {
			isa = PBXContainerItemProxy;
			containerPortal = 1EE290101D2143DD00FBB308 /* Project object */;
			proxyType = 1;
			remoteGlobalIDString = 1EE290171D2143DD00FBB308;
			remoteInfo = WWeChat;
		};
/* End PBXContainerItemProxy section */

/* Begin PBXCopyFilesBuildPhase section */
		1E37779C1D24F59200C9B39A /* Embed Frameworks */ = {
			isa = PBXCopyFilesBuildPhase;
			buildActionMask = 2147483647;
			dstPath = "";
			dstSubfolderSpec = 10;
			files = (
				1E37779B1D24F59200C9B39A /* AVOSCloud.framework in Embed Frameworks */,
			);
			name = "Embed Frameworks";
			runOnlyForDeploymentPostprocessing = 0;
		};
/* End PBXCopyFilesBuildPhase section */

/* Begin PBXFileReference section */
		1E1750D31D279289000E6D56 /* AssetsLibrary.framework */ = {isa = PBXFileReference; lastKnownFileType = wrapper.framework; name = AssetsLibrary.framework; path = System/Library/Frameworks/AssetsLibrary.framework; sourceTree = SDKROOT; };
		1E1750D51D27928D000E6D56 /* AudioToolbox.framework */ = {isa = PBXFileReference; lastKnownFileType = wrapper.framework; name = AudioToolbox.framework; path = System/Library/Frameworks/AudioToolbox.framework; sourceTree = SDKROOT; };
		1E1750D71D279291000E6D56 /* AVFoundation.framework */ = {isa = PBXFileReference; lastKnownFileType = wrapper.framework; name = AVFoundation.framework; path = System/Library/Frameworks/AVFoundation.framework; sourceTree = SDKROOT; };
		1E1750D91D279294000E6D56 /* CFNetwork.framework */ = {isa = PBXFileReference; lastKnownFileType = wrapper.framework; name = CFNetwork.framework; path = System/Library/Frameworks/CFNetwork.framework; sourceTree = SDKROOT; };
		1E1750DB1D27929A000E6D56 /* CoreAudio.framework */ = {isa = PBXFileReference; lastKnownFileType = wrapper.framework; name = CoreAudio.framework; path = System/Library/Frameworks/CoreAudio.framework; sourceTree = SDKROOT; };
		1E1750DD1D27929F000E6D56 /* CoreGraphics.framework */ = {isa = PBXFileReference; lastKnownFileType = wrapper.framework; name = CoreGraphics.framework; path = System/Library/Frameworks/CoreGraphics.framework; sourceTree = SDKROOT; };
		1E1750DF1D2792A4000E6D56 /* CoreLocation.framework */ = {isa = PBXFileReference; lastKnownFileType = wrapper.framework; name = CoreLocation.framework; path = System/Library/Frameworks/CoreLocation.framework; sourceTree = SDKROOT; };
		1E1750E11D2792A9000E6D56 /* CoreMedia.framework */ = {isa = PBXFileReference; lastKnownFileType = wrapper.framework; name = CoreMedia.framework; path = System/Library/Frameworks/CoreMedia.framework; sourceTree = SDKROOT; };
		1E1750E31D2792AD000E6D56 /* CoreTelephony.framework */ = {isa = PBXFileReference; lastKnownFileType = wrapper.framework; name = CoreTelephony.framework; path = System/Library/Frameworks/CoreTelephony.framework; sourceTree = SDKROOT; };
		1E1750E51D2792B3000E6D56 /* CoreVideo.framework */ = {isa = PBXFileReference; lastKnownFileType = wrapper.framework; name = CoreVideo.framework; path = System/Library/Frameworks/CoreVideo.framework; sourceTree = SDKROOT; };
		1E1750E71D2792B8000E6D56 /* ImageIO.framework */ = {isa = PBXFileReference; lastKnownFileType = wrapper.framework; name = ImageIO.framework; path = System/Library/Frameworks/ImageIO.framework; sourceTree = SDKROOT; };
		1E1750E91D2792BE000E6D56 /* libc++.tbd */ = {isa = PBXFileReference; lastKnownFileType = "sourcecode.text-based-dylib-definition"; name = "libc++.tbd"; path = "usr/lib/libc++.tbd"; sourceTree = SDKROOT; };
		1E1750EB1D2792C3000E6D56 /* libc++abi.tbd */ = {isa = PBXFileReference; lastKnownFileType = "sourcecode.text-based-dylib-definition"; name = "libc++abi.tbd"; path = "usr/lib/libc++abi.tbd"; sourceTree = SDKROOT; };
		1E1750ED1D2792C9000E6D56 /* libsqlite3.tbd */ = {isa = PBXFileReference; lastKnownFileType = "sourcecode.text-based-dylib-definition"; name = libsqlite3.tbd; path = usr/lib/libsqlite3.tbd; sourceTree = SDKROOT; };
		1E1750EF1D2792D0000E6D56 /* libstdc++.tbd */ = {isa = PBXFileReference; lastKnownFileType = "sourcecode.text-based-dylib-definition"; name = "libstdc++.tbd"; path = "usr/lib/libstdc++.tbd"; sourceTree = SDKROOT; };
		1E1750F11D2792DB000E6D56 /* libxml2.tbd */ = {isa = PBXFileReference; lastKnownFileType = "sourcecode.text-based-dylib-definition"; name = libxml2.tbd; path = usr/lib/libxml2.tbd; sourceTree = SDKROOT; };
		1E1750F31D2792E1000E6D56 /* libz.tbd */ = {isa = PBXFileReference; lastKnownFileType = "sourcecode.text-based-dylib-definition"; name = libz.tbd; path = usr/lib/libz.tbd; sourceTree = SDKROOT; };
		1E1750F51D2792E7000E6D56 /* MapKit.framework */ = {isa = PBXFileReference; lastKnownFileType = wrapper.framework; name = MapKit.framework; path = System/Library/Frameworks/MapKit.framework; sourceTree = SDKROOT; };
		1E1750F71D2792EB000E6D56 /* OpenGLES.framework */ = {isa = PBXFileReference; lastKnownFileType = wrapper.framework; name = OpenGLES.framework; path = System/Library/Frameworks/OpenGLES.framework; sourceTree = SDKROOT; };
		1E1750F91D2792F0000E6D56 /* QuartzCore.framework */ = {isa = PBXFileReference; lastKnownFileType = wrapper.framework; name = QuartzCore.framework; path = System/Library/Frameworks/QuartzCore.framework; sourceTree = SDKROOT; };
		1E1750FB1D2792FC000E6D56 /* SystemConfiguration.framework */ = {isa = PBXFileReference; lastKnownFileType = wrapper.framework; name = SystemConfiguration.framework; path = System/Library/Frameworks/SystemConfiguration.framework; sourceTree = SDKROOT; };
		1E1750FD1D279300000E6D56 /* UIKit.framework */ = {isa = PBXFileReference; lastKnownFileType = wrapper.framework; name = UIKit.framework; path = System/Library/Frameworks/UIKit.framework; sourceTree = SDKROOT; };
		1E1750FF1D279B75000E6D56 /* libSystem.tbd */ = {isa = PBXFileReference; lastKnownFileType = "sourcecode.text-based-dylib-definition"; name = libSystem.tbd; path = usr/lib/libSystem.tbd; sourceTree = SDKROOT; };
		1E1751011D27B2C2000E6D56 /* libpthread.tbd */ = {isa = PBXFileReference; lastKnownFileType = "sourcecode.text-based-dylib-definition"; name = libpthread.tbd; path = usr/lib/libpthread.tbd; sourceTree = SDKROOT; };
		1E1751031D27B781000E6D56 /* ChatViewModel.h */ = {isa = PBXFileReference; fileEncoding = 4; lastKnownFileType = sourcecode.c.h; path = ChatViewModel.h; sourceTree = "<group>"; };
		1E1751041D27B781000E6D56 /* ChatViewModel.m */ = {isa = PBXFileReference; fileEncoding = 4; lastKnownFileType = sourcecode.c.objc; path = ChatViewModel.m; sourceTree = "<group>"; };
		1E1751061D27C75D000E6D56 /* WZXConversation.h */ = {isa = PBXFileReference; fileEncoding = 4; lastKnownFileType = sourcecode.c.h; path = WZXConversation.h; sourceTree = "<group>"; };
		1E1751071D27C75D000E6D56 /* WZXConversation.m */ = {isa = PBXFileReference; fileEncoding = 4; lastKnownFileType = sourcecode.c.objc; path = WZXConversation.m; sourceTree = "<group>"; };
		1E3777981D24F44D00C9B39A /* AVOSCloud.framework */ = {isa = PBXFileReference; lastKnownFileType = wrapper.framework; path = AVOSCloud.framework; sourceTree = "<group>"; };
		1E442E4C1D222251003BD8BD /* WZXExtension.h */ = {isa = PBXFileReference; fileEncoding = 4; lastKnownFileType = sourcecode.c.h; path = WZXExtension.h; sourceTree = "<group>"; };
		1E442E4D1D222251003BD8BD /* WZXExtension.m */ = {isa = PBXFileReference; fileEncoding = 4; lastKnownFileType = sourcecode.c.objc; path = WZXExtension.m; sourceTree = "<group>"; };
		1E442E4F1D2244DF003BD8BD /* MeCell.h */ = {isa = PBXFileReference; fileEncoding = 4; lastKnownFileType = sourcecode.c.h; path = MeCell.h; sourceTree = "<group>"; };
		1E442E501D2244DF003BD8BD /* MeCell.m */ = {isa = PBXFileReference; fileEncoding = 4; lastKnownFileType = sourcecode.c.objc; path = MeCell.m; sourceTree = "<group>"; };
		1E442E511D2244DF003BD8BD /* MeCell.xib */ = {isa = PBXFileReference; fileEncoding = 4; lastKnownFileType = file.xib; path = MeCell.xib; sourceTree = "<group>"; };
		1E442E541D224974003BD8BD /* UserObject.h */ = {isa = PBXFileReference; fileEncoding = 4; lastKnownFileType = sourcecode.c.h; path = UserObject.h; sourceTree = "<group>"; };
		1E442E551D224974003BD8BD /* UserObject.m */ = {isa = PBXFileReference; fileEncoding = 4; lastKnownFileType = sourcecode.c.objc; path = UserObject.m; sourceTree = "<group>"; };
		1E443CCB1D225B55003BD8BD /* RLMRealm+WZXExtension.h */ = {isa = PBXFileReference; fileEncoding = 4; lastKnownFileType = sourcecode.c.h; path = "RLMRealm+WZXExtension.h"; sourceTree = "<group>"; };
		1E443CCC1D225B55003BD8BD /* RLMRealm+WZXExtension.m */ = {isa = PBXFileReference; fileEncoding = 4; lastKnownFileType = sourcecode.c.objc; path = "RLMRealm+WZXExtension.m"; sourceTree = "<group>"; };
		1E68AC5B1D2CAD8600AC63E9 /* ChatDetailViewController.h */ = {isa = PBXFileReference; fileEncoding = 4; lastKnownFileType = sourcecode.c.h; path = ChatDetailViewController.h; sourceTree = "<group>"; };
		1E68AC5C1D2CAD8600AC63E9 /* ChatDetailViewController.m */ = {isa = PBXFileReference; fileEncoding = 4; lastKnownFileType = sourcecode.c.objc; path = ChatDetailViewController.m; sourceTree = "<group>"; };
		1E68ACBD1D2D2FDE00AC63E9 /* BubbleView.h */ = {isa = PBXFileReference; fileEncoding = 4; lastKnownFileType = sourcecode.c.h; path = BubbleView.h; sourceTree = "<group>"; };
		1E68ACBE1D2D2FDE00AC63E9 /* BubbleView.m */ = {isa = PBXFileReference; fileEncoding = 4; lastKnownFileType = sourcecode.c.objc; path = BubbleView.m; sourceTree = "<group>"; };
		1E68ACC01D2DF66D00AC63E9 /* MessageModel.h */ = {isa = PBXFileReference; fileEncoding = 4; lastKnownFileType = sourcecode.c.h; path = MessageModel.h; sourceTree = "<group>"; };
		1E68ACC11D2DF66D00AC63E9 /* MessageModel.m */ = {isa = PBXFileReference; fileEncoding = 4; lastKnownFileType = sourcecode.c.objc; path = MessageModel.m; sourceTree = "<group>"; };
		1EA5C7371D2F915300627DC0 /* WZXTimeTool.h */ = {isa = PBXFileReference; fileEncoding = 4; lastKnownFileType = sourcecode.c.h; path = WZXTimeTool.h; sourceTree = "<group>"; };
		1EA5C7381D2F915300627DC0 /* WZXTimeTool.m */ = {isa = PBXFileReference; fileEncoding = 4; lastKnownFileType = sourcecode.c.objc; path = WZXTimeTool.m; sourceTree = "<group>"; };
		1EA5C73A1D2F990800627DC0 /* KeyboardView.h */ = {isa = PBXFileReference; fileEncoding = 4; lastKnownFileType = sourcecode.c.h; path = KeyboardView.h; sourceTree = "<group>"; };
		1EA5C73B1D2F990800627DC0 /* KeyboardView.m */ = {isa = PBXFileReference; fileEncoding = 4; lastKnownFileType = sourcecode.c.objc; path = KeyboardView.m; sourceTree = "<group>"; };
		1EA692E01DB719F80066610F /* PrivateChatCell.h */ = {isa = PBXFileReference; fileEncoding = 4; lastKnownFileType = sourcecode.c.h; path = PrivateChatCell.h; sourceTree = "<group>"; };
		1EA692E11DB719F80066610F /* PrivateChatCell.m */ = {isa = PBXFileReference; fileEncoding = 4; lastKnownFileType = sourcecode.c.objc; path = PrivateChatCell.m; sourceTree = "<group>"; };
		1EE1E6AB1D2500ED00579978 /* BaseImgPickerViewController.h */ = {isa = PBXFileReference; fileEncoding = 4; lastKnownFileType = sourcecode.c.h; path = BaseImgPickerViewController.h; sourceTree = "<group>"; };
		1EE1E6AC1D2500ED00579978 /* BaseImgPickerViewController.m */ = {isa = PBXFileReference; fileEncoding = 4; lastKnownFileType = sourcecode.c.objc; path = BaseImgPickerViewController.m; sourceTree = "<group>"; };
		1EE1E6F91D25284200579978 /* AddressBookViewModel.h */ = {isa = PBXFileReference; fileEncoding = 4; lastKnownFileType = sourcecode.c.h; path = AddressBookViewModel.h; sourceTree = "<group>"; };
		1EE1E6FA1D25284200579978 /* AddressBookViewModel.m */ = {isa = PBXFileReference; fileEncoding = 4; lastKnownFileType = sourcecode.c.objc; path = AddressBookViewModel.m; sourceTree = "<group>"; };
		1EE1E7411D26563800579978 /* ChatViewController.h */ = {isa = PBXFileReference; fileEncoding = 4; lastKnownFileType = sourcecode.c.h; path = ChatViewController.h; sourceTree = "<group>"; };
		1EE1E7421D26563800579978 /* ChatViewController.m */ = {isa = PBXFileReference; fileEncoding = 4; lastKnownFileType = sourcecode.c.objc; path = ChatViewController.m; sourceTree = "<group>"; };
		1EE1E7471D2656FA00579978 /* BaseChatViewController.h */ = {isa = PBXFileReference; fileEncoding = 4; lastKnownFileType = sourcecode.c.h; path = BaseChatViewController.h; sourceTree = "<group>"; };
		1EE1E7481D2656FA00579978 /* BaseChatViewController.m */ = {isa = PBXFileReference; fileEncoding = 4; lastKnownFileType = sourcecode.c.objc; path = BaseChatViewController.m; sourceTree = "<group>"; };
		1EE1E74A1D26577B00579978 /* ConversationCell.h */ = {isa = PBXFileReference; fileEncoding = 4; lastKnownFileType = sourcecode.c.h; path = ConversationCell.h; sourceTree = "<group>"; };
		1EE1E74B1D26577B00579978 /* ConversationCell.m */ = {isa = PBXFileReference; fileEncoding = 4; lastKnownFileType = sourcecode.c.objc; path = ConversationCell.m; sourceTree = "<group>"; };
		1EE1E7521D265A6800579978 /* AddressBookCell.h */ = {isa = PBXFileReference; fileEncoding = 4; lastKnownFileType = sourcecode.c.h; path = AddressBookCell.h; sourceTree = "<group>"; };
		1EE1E7531D265A6800579978 /* AddressBookCell.m */ = {isa = PBXFileReference; fileEncoding = 4; lastKnownFileType = sourcecode.c.objc; path = AddressBookCell.m; sourceTree = "<group>"; };
		1EE28CF91D22671A00DD1C6A /* StartViewController.h */ = {isa = PBXFileReference; fileEncoding = 4; lastKnownFileType = sourcecode.c.h; path = StartViewController.h; sourceTree = "<group>"; };
		1EE28CFA1D22671A00DD1C6A /* StartViewController.m */ = {isa = PBXFileReference; fileEncoding = 4; lastKnownFileType = sourcecode.c.objc; path = StartViewController.m; sourceTree = "<group>"; };
		1EE28CFC1D22673900DD1C6A /* LoginViewController.h */ = {isa = PBXFileReference; fileEncoding = 4; lastKnownFileType = sourcecode.c.h; path = LoginViewController.h; sourceTree = "<group>"; };
		1EE28CFD1D22673900DD1C6A /* LoginViewController.m */ = {isa = PBXFileReference; fileEncoding = 4; lastKnownFileType = sourcecode.c.objc; path = LoginViewController.m; sourceTree = "<group>"; };
		1EE28CFF1D22674500DD1C6A /* RegisterViewController.h */ = {isa = PBXFileReference; fileEncoding = 4; lastKnownFileType = sourcecode.c.h; path = RegisterViewController.h; sourceTree = "<group>"; };
		1EE28D001D22674500DD1C6A /* RegisterViewController.m */ = {isa = PBXFileReference; fileEncoding = 4; lastKnownFileType = sourcecode.c.objc; path = RegisterViewController.m; sourceTree = "<group>"; };
		1EE28D021D22744000DD1C6A /* RootViewController.h */ = {isa = PBXFileReference; fileEncoding = 4; lastKnownFileType = sourcecode.c.h; path = RootViewController.h; sourceTree = "<group>"; };
		1EE28D031D22744000DD1C6A /* RootViewController.m */ = {isa = PBXFileReference; fileEncoding = 4; lastKnownFileType = sourcecode.c.objc; path = RootViewController.m; sourceTree = "<group>"; };
		1EE28D051D227EA900DD1C6A /* LoginContentView.h */ = {isa = PBXFileReference; fileEncoding = 4; lastKnownFileType = sourcecode.c.h; path = LoginContentView.h; sourceTree = "<group>"; };
		1EE28D061D227EA900DD1C6A /* LoginContentView.m */ = {isa = PBXFileReference; fileEncoding = 4; lastKnownFileType = sourcecode.c.objc; path = LoginContentView.m; sourceTree = "<group>"; };
		1EE28D0F1D23726900DD1C6A /* LoginViewModel.h */ = {isa = PBXFileReference; fileEncoding = 4; lastKnownFileType = sourcecode.c.h; path = LoginViewModel.h; sourceTree = "<group>"; };
		1EE28D101D23726900DD1C6A /* LoginViewModel.m */ = {isa = PBXFileReference; fileEncoding = 4; lastKnownFileType = sourcecode.c.objc; path = LoginViewModel.m; sourceTree = "<group>"; };
		1EE28D121D23780B00DD1C6A /* RegisterContentView.h */ = {isa = PBXFileReference; fileEncoding = 4; lastKnownFileType = sourcecode.c.h; path = RegisterContentView.h; sourceTree = "<group>"; };
		1EE28D131D23780B00DD1C6A /* RegisterContentView.m */ = {isa = PBXFileReference; fileEncoding = 4; lastKnownFileType = sourcecode.c.objc; path = RegisterContentView.m; sourceTree = "<group>"; };
		1EE28D151D237AE600DD1C6A /* RegisterViewModel.h */ = {isa = PBXFileReference; fileEncoding = 4; lastKnownFileType = sourcecode.c.h; path = RegisterViewModel.h; sourceTree = "<group>"; };
		1EE28D161D237AE600DD1C6A /* RegisterViewModel.m */ = {isa = PBXFileReference; fileEncoding = 4; lastKnownFileType = sourcecode.c.objc; path = RegisterViewModel.m; sourceTree = "<group>"; };
		1EE28D1B1D23A6C700DD1C6A /* StartViewModel.h */ = {isa = PBXFileReference; fileEncoding = 4; lastKnownFileType = sourcecode.c.h; path = StartViewModel.h; sourceTree = "<group>"; };
		1EE28D1C1D23A6C700DD1C6A /* StartViewModel.m */ = {isa = PBXFileReference; fileEncoding = 4; lastKnownFileType = sourcecode.c.objc; path = StartViewModel.m; sourceTree = "<group>"; };
		1EE28D1E1D23AAF600DD1C6A /* EditMeanViewController.h */ = {isa = PBXFileReference; fileEncoding = 4; lastKnownFileType = sourcecode.c.h; path = EditMeanViewController.h; sourceTree = "<group>"; };
		1EE28D1F1D23AAF600DD1C6A /* EditMeanViewController.m */ = {isa = PBXFileReference; fileEncoding = 4; lastKnownFileType = sourcecode.c.objc; path = EditMeanViewController.m; sourceTree = "<group>"; };
		1EE28D241D23C9B400DD1C6A /* ChangeDataViewController.h */ = {isa = PBXFileReference; fileEncoding = 4; lastKnownFileType = sourcecode.c.h; path = ChangeDataViewController.h; sourceTree = "<group>"; };
		1EE28D251D23C9B400DD1C6A /* ChangeDataViewController.m */ = {isa = PBXFileReference; fileEncoding = 4; lastKnownFileType = sourcecode.c.objc; path = ChangeDataViewController.m; sourceTree = "<group>"; };
		1EE28D2A1D23ED5A00DD1C6A /* ChangeDataViewModel.h */ = {isa = PBXFileReference; fileEncoding = 4; lastKnownFileType = sourcecode.c.h; path = ChangeDataViewModel.h; sourceTree = "<group>"; };
		1EE28D2B1D23ED5A00DD1C6A /* ChangeDataViewModel.m */ = {isa = PBXFileReference; fileEncoding = 4; lastKnownFileType = sourcecode.c.objc; path = ChangeDataViewModel.m; sourceTree = "<group>"; };
		1EE28D2E1D23F07E00DD1C6A /* WZXAction.h */ = {isa = PBXFileReference; fileEncoding = 4; lastKnownFileType = sourcecode.c.h; path = WZXAction.h; sourceTree = "<group>"; };
		1EE28D2F1D23F07E00DD1C6A /* WZXAction.m */ = {isa = PBXFileReference; fileEncoding = 4; lastKnownFileType = sourcecode.c.objc; path = WZXAction.m; sourceTree = "<group>"; };
		1EE28D301D23F07E00DD1C6A /* WZXSheetView.h */ = {isa = PBXFileReference; fileEncoding = 4; lastKnownFileType = sourcecode.c.h; path = WZXSheetView.h; sourceTree = "<group>"; };
		1EE28D311D23F07E00DD1C6A /* WZXSheetView.m */ = {isa = PBXFileReference; fileEncoding = 4; lastKnownFileType = sourcecode.c.objc; path = WZXSheetView.m; sourceTree = "<group>"; };
		1EE28D341D24B0CA00DD1C6A /* ChangeAvaterViewController.h */ = {isa = PBXFileReference; fileEncoding = 4; lastKnownFileType = sourcecode.c.h; path = ChangeAvaterViewController.h; sourceTree = "<group>"; };
		1EE28D351D24B0CA00DD1C6A /* ChangeAvaterViewController.m */ = {isa = PBXFileReference; fileEncoding = 4; lastKnownFileType = sourcecode.c.objc; path = ChangeAvaterViewController.m; sourceTree = "<group>"; };
		1EE290181D2143DD00FBB308 /* WWeChat.app */ = {isa = PBXFileReference; explicitFileType = wrapper.application; includeInIndex = 0; path = WWeChat.app; sourceTree = BUILT_PRODUCTS_DIR; };
		1EE2901C1D2143DD00FBB308 /* main.m */ = {isa = PBXFileReference; lastKnownFileType = sourcecode.c.objc; path = main.m; sourceTree = "<group>"; };
		1EE290271D2143DD00FBB308 /* Assets.xcassets */ = {isa = PBXFileReference; lastKnownFileType = folder.assetcatalog; path = Assets.xcassets; sourceTree = "<group>"; };
		1EE2902A1D2143DD00FBB308 /* Base */ = {isa = PBXFileReference; lastKnownFileType = file.storyboard; name = Base; path = Base.lproj/LaunchScreen.storyboard; sourceTree = "<group>"; };
		1EE2902C1D2143DD00FBB308 /* Info.plist */ = {isa = PBXFileReference; lastKnownFileType = text.plist.xml; path = Info.plist; sourceTree = "<group>"; };
		1EE290311D2143DD00FBB308 /* WWeChatTests.xctest */ = {isa = PBXFileReference; explicitFileType = wrapper.cfbundle; includeInIndex = 0; path = WWeChatTests.xctest; sourceTree = BUILT_PRODUCTS_DIR; };
		1EE290351D2143DD00FBB308 /* WWeChatTests.m */ = {isa = PBXFileReference; lastKnownFileType = sourcecode.c.objc; path = WWeChatTests.m; sourceTree = "<group>"; };
		1EE290371D2143DD00FBB308 /* Info.plist */ = {isa = PBXFileReference; lastKnownFileType = text.plist.xml; path = Info.plist; sourceTree = "<group>"; };
		1EE2903C1D2143DD00FBB308 /* WWeChatUITests.xctest */ = {isa = PBXFileReference; explicitFileType = wrapper.cfbundle; includeInIndex = 0; path = WWeChatUITests.xctest; sourceTree = BUILT_PRODUCTS_DIR; };
		1EE290401D2143DD00FBB308 /* WWeChatUITests.m */ = {isa = PBXFileReference; lastKnownFileType = sourcecode.c.objc; path = WWeChatUITests.m; sourceTree = "<group>"; };
		1EE290421D2143DD00FBB308 /* Info.plist */ = {isa = PBXFileReference; lastKnownFileType = text.plist.xml; path = Info.plist; sourceTree = "<group>"; };
		1EE2904F1D21441F00FBB308 /* AppDelegate.h */ = {isa = PBXFileReference; fileEncoding = 4; lastKnownFileType = sourcecode.c.h; path = AppDelegate.h; sourceTree = "<group>"; };
		1EE290501D21441F00FBB308 /* AppDelegate.m */ = {isa = PBXFileReference; fileEncoding = 4; lastKnownFileType = sourcecode.c.objc; path = AppDelegate.m; sourceTree = "<group>"; };
		1EE290511D21441F00FBB308 /* ThridPartService.h */ = {isa = PBXFileReference; fileEncoding = 4; lastKnownFileType = sourcecode.c.h; path = ThridPartService.h; sourceTree = "<group>"; };
		1EE290521D21441F00FBB308 /* ThridPartService.m */ = {isa = PBXFileReference; fileEncoding = 4; lastKnownFileType = sourcecode.c.objc; path = ThridPartService.m; sourceTree = "<group>"; };
		1EE2905A1D21441F00FBB308 /* BaseModel.h */ = {isa = PBXFileReference; fileEncoding = 4; lastKnownFileType = sourcecode.c.h; path = BaseModel.h; sourceTree = "<group>"; };
		1EE2905B1D21441F00FBB308 /* BaseModel.m */ = {isa = PBXFileReference; fileEncoding = 4; lastKnownFileType = sourcecode.c.objc; path = BaseModel.m; sourceTree = "<group>"; };
		1EE2905C1D21441F00FBB308 /* BaseTextField.h */ = {isa = PBXFileReference; fileEncoding = 4; lastKnownFileType = sourcecode.c.h; path = BaseTextField.h; sourceTree = "<group>"; };
		1EE2905D1D21441F00FBB308 /* BaseTextField.m */ = {isa = PBXFileReference; fileEncoding = 4; lastKnownFileType = sourcecode.c.objc; path = BaseTextField.m; sourceTree = "<group>"; };
		1EE2905E1D21441F00FBB308 /* BaseView.h */ = {isa = PBXFileReference; fileEncoding = 4; lastKnownFileType = sourcecode.c.h; path = BaseView.h; sourceTree = "<group>"; };
		1EE2905F1D21441F00FBB308 /* BaseView.m */ = {isa = PBXFileReference; fileEncoding = 4; lastKnownFileType = sourcecode.c.objc; path = BaseView.m; sourceTree = "<group>"; };
		1EE290621D21441F00FBB308 /* BaseViewModel.h */ = {isa = PBXFileReference; fileEncoding = 4; lastKnownFileType = sourcecode.c.h; path = BaseViewModel.h; sourceTree = "<group>"; };
		1EE290631D21441F00FBB308 /* BaseViewModel.m */ = {isa = PBXFileReference; fileEncoding = 4; lastKnownFileType = sourcecode.c.objc; path = BaseViewModel.m; sourceTree = "<group>"; };
		1EE290661D21441F00FBB308 /* NSDictionary+WZXExtension.h */ = {isa = PBXFileReference; fileEncoding = 4; lastKnownFileType = sourcecode.c.h; path = "NSDictionary+WZXExtension.h"; sourceTree = "<group>"; };
		1EE290671D21441F00FBB308 /* NSDictionary+WZXExtension.m */ = {isa = PBXFileReference; fileEncoding = 4; lastKnownFileType = sourcecode.c.objc; path = "NSDictionary+WZXExtension.m"; sourceTree = "<group>"; };
		1EE290681D21441F00FBB308 /* NSString+WZXExtension.h */ = {isa = PBXFileReference; fileEncoding = 4; lastKnownFileType = sourcecode.c.h; path = "NSString+WZXExtension.h"; sourceTree = "<group>"; };
		1EE290691D21441F00FBB308 /* NSString+WZXExtension.m */ = {isa = PBXFileReference; fileEncoding = 4; lastKnownFileType = sourcecode.c.objc; path = "NSString+WZXExtension.m"; sourceTree = "<group>"; };
		1EE2906A1D21441F00FBB308 /* UIButton+LocalString.h */ = {isa = PBXFileReference; fileEncoding = 4; lastKnownFileType = sourcecode.c.h; path = "UIButton+LocalString.h"; sourceTree = "<group>"; };
		1EE2906B1D21441F00FBB308 /* UIButton+LocalString.m */ = {isa = PBXFileReference; fileEncoding = 4; lastKnownFileType = sourcecode.c.objc; path = "UIButton+LocalString.m"; sourceTree = "<group>"; };
		1EE2906C1D21441F00FBB308 /* UILabel+LocalString.h */ = {isa = PBXFileReference; fileEncoding = 4; lastKnownFileType = sourcecode.c.h; path = "UILabel+LocalString.h"; sourceTree = "<group>"; };
		1EE2906D1D21441F00FBB308 /* UILabel+LocalString.m */ = {isa = PBXFileReference; fileEncoding = 4; lastKnownFileType = sourcecode.c.objc; path = "UILabel+LocalString.m"; sourceTree = "<group>"; };
		1EE2906E1D21441F00FBB308 /* UIScrollView+WZXExtension.h */ = {isa = PBXFileReference; fileEncoding = 4; lastKnownFileType = sourcecode.c.h; path = "UIScrollView+WZXExtension.h"; sourceTree = "<group>"; };
		1EE2906F1D21441F00FBB308 /* UIScrollView+WZXExtension.m */ = {isa = PBXFileReference; fileEncoding = 4; lastKnownFileType = sourcecode.c.objc; path = "UIScrollView+WZXExtension.m"; sourceTree = "<group>"; };
		1EE290701D21441F00FBB308 /* UITextField+LocalString.h */ = {isa = PBXFileReference; fileEncoding = 4; lastKnownFileType = sourcecode.c.h; path = "UITextField+LocalString.h"; sourceTree = "<group>"; };
		1EE290711D21441F00FBB308 /* UITextField+LocalString.m */ = {isa = PBXFileReference; fileEncoding = 4; lastKnownFileType = sourcecode.c.objc; path = "UITextField+LocalString.m"; sourceTree = "<group>"; };
		1EE290721D21441F00FBB308 /* UITextView+LocalString.h */ = {isa = PBXFileReference; fileEncoding = 4; lastKnownFileType = sourcecode.c.h; path = "UITextView+LocalString.h"; sourceTree = "<group>"; };
		1EE290731D21441F00FBB308 /* UITextView+LocalString.m */ = {isa = PBXFileReference; fileEncoding = 4; lastKnownFileType = sourcecode.c.objc; path = "UITextView+LocalString.m"; sourceTree = "<group>"; };
		1EE290741D21441F00FBB308 /* UIView+WZXExtension.h */ = {isa = PBXFileReference; fileEncoding = 4; lastKnownFileType = sourcecode.c.h; path = "UIView+WZXExtension.h"; sourceTree = "<group>"; };
		1EE290751D21441F00FBB308 /* UIView+WZXExtension.m */ = {isa = PBXFileReference; fileEncoding = 4; lastKnownFileType = sourcecode.c.objc; path = "UIView+WZXExtension.m"; sourceTree = "<group>"; };
		1EE291A41D21441F00FBB308 /* Statics.h */ = {isa = PBXFileReference; fileEncoding = 4; lastKnownFileType = sourcecode.c.h; path = Statics.h; sourceTree = "<group>"; };
		1EE291A51D21441F00FBB308 /* Statics.m */ = {isa = PBXFileReference; fileEncoding = 4; lastKnownFileType = sourcecode.c.objc; path = Statics.m; sourceTree = "<group>"; };
		1EE291A81D21441F00FBB308 /* WZXKeyChain.h */ = {isa = PBXFileReference; fileEncoding = 4; lastKnownFileType = sourcecode.c.h; path = WZXKeyChain.h; sourceTree = "<group>"; };
		1EE291A91D21441F00FBB308 /* WZXKeyChain.m */ = {isa = PBXFileReference; fileEncoding = 4; lastKnownFileType = sourcecode.c.objc; path = WZXKeyChain.m; sourceTree = "<group>"; };
		1EE291AA1D21441F00FBB308 /* WZXProgressTool.h */ = {isa = PBXFileReference; fileEncoding = 4; lastKnownFileType = sourcecode.c.h; path = WZXProgressTool.h; sourceTree = "<group>"; };
		1EE291AB1D21441F00FBB308 /* WZXProgressTool.m */ = {isa = PBXFileReference; fileEncoding = 4; lastKnownFileType = sourcecode.c.objc; path = WZXProgressTool.m; sourceTree = "<group>"; };
		1EE291AD1D21441F00FBB308 /* AppMacro.h */ = {isa = PBXFileReference; fileEncoding = 4; lastKnownFileType = sourcecode.c.h; path = AppMacro.h; sourceTree = "<group>"; };
		1EE291AE1D21441F00FBB308 /* NotificationMacro.h */ = {isa = PBXFileReference; fileEncoding = 4; lastKnownFileType = sourcecode.c.h; path = NotificationMacro.h; sourceTree = "<group>"; };
		1EE291AF1D21441F00FBB308 /* UtilsMacro.h */ = {isa = PBXFileReference; fileEncoding = 4; lastKnownFileType = sourcecode.c.h; path = UtilsMacro.h; sourceTree = "<group>"; };
		1EE291B01D21441F00FBB308 /* VendorMacro.h */ = {isa = PBXFileReference; fileEncoding = 4; lastKnownFileType = sourcecode.c.h; path = VendorMacro.h; sourceTree = "<group>"; };
		1EE291F11D21442000FBB308 /* ProgressHUD.bundle */ = {isa = PBXFileReference; lastKnownFileType = "wrapper.plug-in"; path = ProgressHUD.bundle; sourceTree = "<group>"; };
		1EE291F21D21442000FBB308 /* ProgressHUD.h */ = {isa = PBXFileReference; fileEncoding = 4; lastKnownFileType = sourcecode.c.h; path = ProgressHUD.h; sourceTree = "<group>"; };
		1EE291F31D21442000FBB308 /* ProgressHUD.m */ = {isa = PBXFileReference; fileEncoding = 4; lastKnownFileType = sourcecode.c.objc; path = ProgressHUD.m; sourceTree = "<group>"; };
		1EE291F51D21442000FBB308 /* WDNetworking.h */ = {isa = PBXFileReference; fileEncoding = 4; lastKnownFileType = sourcecode.c.h; path = WDNetworking.h; sourceTree = "<group>"; };
		1EE291F61D21442000FBB308 /* WDNetworking.m */ = {isa = PBXFileReference; fileEncoding = 4; lastKnownFileType = sourcecode.c.objc; path = WDNetworking.m; sourceTree = "<group>"; };
		1EE291F81D21442000FBB308 /* UIView+WZXLines.h */ = {isa = PBXFileReference; fileEncoding = 4; lastKnownFileType = sourcecode.c.h; path = "UIView+WZXLines.h"; sourceTree = "<group>"; };
		1EE291F91D21442000FBB308 /* UIView+WZXLines.m */ = {isa = PBXFileReference; fileEncoding = 4; lastKnownFileType = sourcecode.c.objc; path = "UIView+WZXLines.m"; sourceTree = "<group>"; };
		1EE291FA1D21442000FBB308 /* WZXLines.h */ = {isa = PBXFileReference; fileEncoding = 4; lastKnownFileType = sourcecode.c.h; path = WZXLines.h; sourceTree = "<group>"; };
		1EE291FC1D21442000FBB308 /* WZXThreadManager.h */ = {isa = PBXFileReference; fileEncoding = 4; lastKnownFileType = sourcecode.c.h; path = WZXThreadManager.h; sourceTree = "<group>"; };
		1EE291FD1D21442000FBB308 /* WZXThreadManager.m */ = {isa = PBXFileReference; fileEncoding = 4; lastKnownFileType = sourcecode.c.objc; path = WZXThreadManager.m; sourceTree = "<group>"; };
		1EE292001D21442000FBB308 /* WZXFlipAnimation.h */ = {isa = PBXFileReference; fileEncoding = 4; lastKnownFileType = sourcecode.c.h; path = WZXFlipAnimation.h; sourceTree = "<group>"; };
		1EE292011D21442000FBB308 /* WZXFlipAnimation.m */ = {isa = PBXFileReference; fileEncoding = 4; lastKnownFileType = sourcecode.c.objc; path = WZXFlipAnimation.m; sourceTree = "<group>"; };
		1EE292021D21442000FBB308 /* UIViewController+WZXModalTransitioning.h */ = {isa = PBXFileReference; fileEncoding = 4; lastKnownFileType = sourcecode.c.h; path = "UIViewController+WZXModalTransitioning.h"; sourceTree = "<group>"; };
		1EE292031D21442000FBB308 /* UIViewController+WZXModalTransitioning.m */ = {isa = PBXFileReference; fileEncoding = 4; lastKnownFileType = sourcecode.c.objc; path = "UIViewController+WZXModalTransitioning.m"; sourceTree = "<group>"; };
		1EE292041D21442000FBB308 /* UIViewController+WZXPushTransitioning.h */ = {isa = PBXFileReference; fileEncoding = 4; lastKnownFileType = sourcecode.c.h; path = "UIViewController+WZXPushTransitioning.h"; sourceTree = "<group>"; };
		1EE292051D21442000FBB308 /* UIViewController+WZXPushTransitioning.m */ = {isa = PBXFileReference; fileEncoding = 4; lastKnownFileType = sourcecode.c.objc; path = "UIViewController+WZXPushTransitioning.m"; sourceTree = "<group>"; };
		1EE292061D21442000FBB308 /* WZXAnimation.h */ = {isa = PBXFileReference; fileEncoding = 4; lastKnownFileType = sourcecode.c.h; path = WZXAnimation.h; sourceTree = "<group>"; };
		1EE292071D21442000FBB308 /* WZXAnimation.m */ = {isa = PBXFileReference; fileEncoding = 4; lastKnownFileType = sourcecode.c.objc; path = WZXAnimation.m; sourceTree = "<group>"; };
		1EE292081D21442000FBB308 /* WZXTransitioning.h */ = {isa = PBXFileReference; fileEncoding = 4; lastKnownFileType = sourcecode.c.h; path = WZXTransitioning.h; sourceTree = "<group>"; };
		1EE2920A1D21442000FBB308 /* YYFPSLabel.h */ = {isa = PBXFileReference; fileEncoding = 4; lastKnownFileType = sourcecode.c.h; path = YYFPSLabel.h; sourceTree = "<group>"; };
		1EE2920B1D21442000FBB308 /* YYFPSLabel.m */ = {isa = PBXFileReference; fileEncoding = 4; lastKnownFileType = sourcecode.c.objc; path = YYFPSLabel.m; sourceTree = "<group>"; };
		1EE293601D2144CA00FBB308 /* WZXConstant.h */ = {isa = PBXFileReference; fileEncoding = 4; lastKnownFileType = sourcecode.c.h; path = WZXConstant.h; sourceTree = "<group>"; };
		1EE293611D2144CA00FBB308 /* WZXConstant.m */ = {isa = PBXFileReference; fileEncoding = 4; lastKnownFileType = sourcecode.c.objc; path = WZXConstant.m; sourceTree = "<group>"; };
		1EE293631D21487F00FBB308 /* pchFile.h */ = {isa = PBXFileReference; fileEncoding = 4; lastKnownFileType = sourcecode.c.h; path = pchFile.h; sourceTree = "<group>"; };
		1EE293651D214A4C00FBB308 /* BaseViewController.h */ = {isa = PBXFileReference; fileEncoding = 4; lastKnownFileType = sourcecode.c.h; path = BaseViewController.h; sourceTree = "<group>"; };
		1EE293661D214A4C00FBB308 /* BaseViewController.m */ = {isa = PBXFileReference; fileEncoding = 4; lastKnownFileType = sourcecode.c.objc; path = BaseViewController.m; sourceTree = "<group>"; };
		1EE2938E1D2208A100FBB308 /* TabBarViewController.h */ = {isa = PBXFileReference; fileEncoding = 4; lastKnownFileType = sourcecode.c.h; path = TabBarViewController.h; sourceTree = "<group>"; };
		1EE2938F1D2208A100FBB308 /* TabBarViewController.m */ = {isa = PBXFileReference; fileEncoding = 4; lastKnownFileType = sourcecode.c.objc; path = TabBarViewController.m; sourceTree = "<group>"; };
		1EE293A81D22091900FBB308 /* AddressBookViewController.h */ = {isa = PBXFileReference; fileEncoding = 4; lastKnownFileType = sourcecode.c.h; path = AddressBookViewController.h; sourceTree = "<group>"; };
		1EE293A91D22091900FBB308 /* AddressBookViewController.m */ = {isa = PBXFileReference; fileEncoding = 4; lastKnownFileType = sourcecode.c.objc; path = AddressBookViewController.m; sourceTree = "<group>"; };
		1EE293AB1D22092400FBB308 /* MeViewController.h */ = {isa = PBXFileReference; fileEncoding = 4; lastKnownFileType = sourcecode.c.h; path = MeViewController.h; sourceTree = "<group>"; };
		1EE293AC1D22092400FBB308 /* MeViewController.m */ = {isa = PBXFileReference; fileEncoding = 4; lastKnownFileType = sourcecode.c.objc; path = MeViewController.m; sourceTree = "<group>"; };
		1EE293AE1D22093000FBB308 /* ZoneViewController.h */ = {isa = PBXFileReference; fileEncoding = 4; lastKnownFileType = sourcecode.c.h; path = ZoneViewController.h; sourceTree = "<group>"; };
		1EE293AF1D22093000FBB308 /* ZoneViewController.m */ = {isa = PBXFileReference; fileEncoding = 4; lastKnownFileType = sourcecode.c.objc; path = ZoneViewController.m; sourceTree = "<group>"; };
		847C42E86E7F4B642353B329 /* Pods_WWeChat.framework */ = {isa = PBXFileReference; explicitFileType = wrapper.framework; includeInIndex = 0; path = Pods_WWeChat.framework; sourceTree = BUILT_PRODUCTS_DIR; };
		C75BB25DE3786209E2E68CF7 /* Pods-WWeChat.release.xcconfig */ = {isa = PBXFileReference; includeInIndex = 1; lastKnownFileType = text.xcconfig; name = "Pods-WWeChat.release.xcconfig"; path = "Pods/Target Support Files/Pods-WWeChat/Pods-WWeChat.release.xcconfig"; sourceTree = "<group>"; };
		F38F835FEBCD5017AE183DD8 /* Pods-WWeChat.debug.xcconfig */ = {isa = PBXFileReference; includeInIndex = 1; lastKnownFileType = text.xcconfig; name = "Pods-WWeChat.debug.xcconfig"; path = "Pods/Target Support Files/Pods-WWeChat/Pods-WWeChat.debug.xcconfig"; sourceTree = "<group>"; };
/* End PBXFileReference section */

/* Begin PBXFrameworksBuildPhase section */
		1EE290151D2143DD00FBB308 /* Frameworks */ = {
			isa = PBXFrameworksBuildPhase;
			buildActionMask = 2147483647;
			files = (
				1E1750FE1D279300000E6D56 /* UIKit.framework in Frameworks */,
				1E1750FC1D2792FC000E6D56 /* SystemConfiguration.framework in Frameworks */,
				1E1750FA1D2792F0000E6D56 /* QuartzCore.framework in Frameworks */,
				1E1750F81D2792EB000E6D56 /* OpenGLES.framework in Frameworks */,
				1E1750F61D2792E7000E6D56 /* MapKit.framework in Frameworks */,
				1E1750F41D2792E1000E6D56 /* libz.tbd in Frameworks */,
				1E1750F21D2792DB000E6D56 /* libxml2.tbd in Frameworks */,
				1E1750F01D2792D0000E6D56 /* libstdc++.tbd in Frameworks */,
				1E1750EE1D2792C9000E6D56 /* libsqlite3.tbd in Frameworks */,
				1E1750EC1D2792C3000E6D56 /* libc++abi.tbd in Frameworks */,
				1E1750EA1D2792BE000E6D56 /* libc++.tbd in Frameworks */,
				1E1750E81D2792B8000E6D56 /* ImageIO.framework in Frameworks */,
				1E1750E61D2792B3000E6D56 /* CoreVideo.framework in Frameworks */,
				1E1750E41D2792AD000E6D56 /* CoreTelephony.framework in Frameworks */,
				1E1750E21D2792A9000E6D56 /* CoreMedia.framework in Frameworks */,
				1E1750E01D2792A4000E6D56 /* CoreLocation.framework in Frameworks */,
				1E1750DE1D27929F000E6D56 /* CoreGraphics.framework in Frameworks */,
				1E1750DC1D27929A000E6D56 /* CoreAudio.framework in Frameworks */,
				1E1750DA1D279294000E6D56 /* CFNetwork.framework in Frameworks */,
				1E1750D81D279291000E6D56 /* AVFoundation.framework in Frameworks */,
				1E1750D61D27928D000E6D56 /* AudioToolbox.framework in Frameworks */,
				1E1750D41D279289000E6D56 /* AssetsLibrary.framework in Frameworks */,
				B10701D1A69C149F957ABCBB /* Pods_WWeChat.framework in Frameworks */,
				1E37779A1D24F59200C9B39A /* AVOSCloud.framework in Frameworks */,
			);
			runOnlyForDeploymentPostprocessing = 0;
		};
		1EE2902E1D2143DD00FBB308 /* Frameworks */ = {
			isa = PBXFrameworksBuildPhase;
			buildActionMask = 2147483647;
			files = (
			);
			runOnlyForDeploymentPostprocessing = 0;
		};
		1EE290391D2143DD00FBB308 /* Frameworks */ = {
			isa = PBXFrameworksBuildPhase;
			buildActionMask = 2147483647;
			files = (
			);
			runOnlyForDeploymentPostprocessing = 0;
		};
/* End PBXFrameworksBuildPhase section */

/* Begin PBXGroup section */
		1E3777971D24F44D00C9B39A /* AVOSCloud */ = {
			isa = PBXGroup;
			children = (
				1E3777981D24F44D00C9B39A /* AVOSCloud.framework */,
			);
			path = AVOSCloud;
			sourceTree = "<group>";
		};
		1EA5C7361D2F915300627DC0 /* WZXTime */ = {
			isa = PBXGroup;
			children = (
				1EA5C7371D2F915300627DC0 /* WZXTimeTool.h */,
				1EA5C7381D2F915300627DC0 /* WZXTimeTool.m */,
			);
			path = WZXTime;
			sourceTree = "<group>";
		};
		1EE28D2D1D23F07E00DD1C6A /* WZXSheet */ = {
			isa = PBXGroup;
			children = (
				1EE28D2E1D23F07E00DD1C6A /* WZXAction.h */,
				1EE28D2F1D23F07E00DD1C6A /* WZXAction.m */,
				1EE28D301D23F07E00DD1C6A /* WZXSheetView.h */,
				1EE28D311D23F07E00DD1C6A /* WZXSheetView.m */,
			);
			path = WZXSheet;
			sourceTree = "<group>";
		};
		1EE2900F1D2143DD00FBB308 = {
			isa = PBXGroup;
			children = (
				1EE293831D22080D00FBB308 /* Frameworks */,
				1EE2901A1D2143DD00FBB308 /* WWeChat */,
				1EE290341D2143DD00FBB308 /* WWeChatTests */,
				1EE2903F1D2143DD00FBB308 /* WWeChatUITests */,
				1EE290191D2143DD00FBB308 /* Products */,
				4A97CF9F0B74CD16509CD888 /* Pods */,
			);
			sourceTree = "<group>";
		};
		1EE290191D2143DD00FBB308 /* Products */ = {
			isa = PBXGroup;
			children = (
				1EE290181D2143DD00FBB308 /* WWeChat.app */,
				1EE290311D2143DD00FBB308 /* WWeChatTests.xctest */,
				1EE2903C1D2143DD00FBB308 /* WWeChatUITests.xctest */,
			);
			name = Products;
			sourceTree = "<group>";
		};
		1EE2901A1D2143DD00FBB308 /* WWeChat */ = {
			isa = PBXGroup;
			children = (
				1EE2904E1D21441F00FBB308 /* AppDelegate */,
				1EE290531D21441F00FBB308 /* Class */,
				1EE2920C1D21442000FBB308 /* Resource */,
				1EE2901B1D2143DD00FBB308 /* Supporting Files */,
			);
			path = WWeChat;
			sourceTree = "<group>";
		};
		1EE2901B1D2143DD00FBB308 /* Supporting Files */ = {
			isa = PBXGroup;
			children = (
				1EE293631D21487F00FBB308 /* pchFile.h */,
				1EE290271D2143DD00FBB308 /* Assets.xcassets */,
				1EE290291D2143DD00FBB308 /* LaunchScreen.storyboard */,
				1EE2902C1D2143DD00FBB308 /* Info.plist */,
				1EE2901C1D2143DD00FBB308 /* main.m */,
			);
			name = "Supporting Files";
			sourceTree = "<group>";
		};
		1EE290341D2143DD00FBB308 /* WWeChatTests */ = {
			isa = PBXGroup;
			children = (
				1EE290351D2143DD00FBB308 /* WWeChatTests.m */,
				1EE290371D2143DD00FBB308 /* Info.plist */,
			);
			path = WWeChatTests;
			sourceTree = "<group>";
		};
		1EE2903F1D2143DD00FBB308 /* WWeChatUITests */ = {
			isa = PBXGroup;
			children = (
				1EE290401D2143DD00FBB308 /* WWeChatUITests.m */,
				1EE290421D2143DD00FBB308 /* Info.plist */,
			);
			path = WWeChatUITests;
			sourceTree = "<group>";
		};
		1EE2904E1D21441F00FBB308 /* AppDelegate */ = {
			isa = PBXGroup;
			children = (
				1EE2904F1D21441F00FBB308 /* AppDelegate.h */,
				1EE290501D21441F00FBB308 /* AppDelegate.m */,
				1EE290511D21441F00FBB308 /* ThridPartService.h */,
				1EE290521D21441F00FBB308 /* ThridPartService.m */,
			);
			path = AppDelegate;
			sourceTree = "<group>";
		};
		1EE290531D21441F00FBB308 /* Class */ = {
			isa = PBXGroup;
			children = (
				1EE290541D21441F00FBB308 /* General */,
				1EE291A11D21441F00FBB308 /* Helpers */,
				1EE291AC1D21441F00FBB308 /* Macro */,
				1EE291B11D21441F00FBB308 /* Sections */,
				1EE291EF1D21442000FBB308 /* Vendors */,
			);
			path = Class;
			sourceTree = "<group>";
		};
		1EE290541D21441F00FBB308 /* General */ = {
			isa = PBXGroup;
			children = (
				1EE290551D21441F00FBB308 /* Base */,
				1EE290641D21441F00FBB308 /* Categories */,
				1EE290781D21441F00FBB308 /* Core */,
				1EE2919B1D21441F00FBB308 /* Models */,
				1EE291A01D21441F00FBB308 /* Views */,
			);
			path = General;
			sourceTree = "<group>";
		};
		1EE290551D21441F00FBB308 /* Base */ = {
			isa = PBXGroup;
			children = (
				1EE1E6AB1D2500ED00579978 /* BaseImgPickerViewController.h */,
				1EE1E6AC1D2500ED00579978 /* BaseImgPickerViewController.m */,
				1EE2905A1D21441F00FBB308 /* BaseModel.h */,
				1EE2905B1D21441F00FBB308 /* BaseModel.m */,
				1EE2905C1D21441F00FBB308 /* BaseTextField.h */,
				1EE2905D1D21441F00FBB308 /* BaseTextField.m */,
				1EE2905E1D21441F00FBB308 /* BaseView.h */,
				1EE2905F1D21441F00FBB308 /* BaseView.m */,
				1EE290621D21441F00FBB308 /* BaseViewModel.h */,
				1EE290631D21441F00FBB308 /* BaseViewModel.m */,
				1EE293651D214A4C00FBB308 /* BaseViewController.h */,
				1EE293661D214A4C00FBB308 /* BaseViewController.m */,
				1EE1E7471D2656FA00579978 /* BaseChatViewController.h */,
				1EE1E7481D2656FA00579978 /* BaseChatViewController.m */,
			);
			path = Base;
			sourceTree = "<group>";
		};
		1EE290641D21441F00FBB308 /* Categories */ = {
			isa = PBXGroup;
			children = (
				1EE290651D21441F00FBB308 /* WZXExtension */,
				1E443CCB1D225B55003BD8BD /* RLMRealm+WZXExtension.h */,
				1E443CCC1D225B55003BD8BD /* RLMRealm+WZXExtension.m */,
			);
			path = Categories;
			sourceTree = "<group>";
		};
		1EE290651D21441F00FBB308 /* WZXExtension */ = {
			isa = PBXGroup;
			children = (
				1EE290661D21441F00FBB308 /* NSDictionary+WZXExtension.h */,
				1EE290671D21441F00FBB308 /* NSDictionary+WZXExtension.m */,
				1EE290681D21441F00FBB308 /* NSString+WZXExtension.h */,
				1EE290691D21441F00FBB308 /* NSString+WZXExtension.m */,
				1EE2906E1D21441F00FBB308 /* UIScrollView+WZXExtension.h */,
				1EE2906F1D21441F00FBB308 /* UIScrollView+WZXExtension.m */,
				1EE290741D21441F00FBB308 /* UIView+WZXExtension.h */,
				1EE290751D21441F00FBB308 /* UIView+WZXExtension.m */,
				1EE2906A1D21441F00FBB308 /* UIButton+LocalString.h */,
				1EE2906B1D21441F00FBB308 /* UIButton+LocalString.m */,
				1EE2906C1D21441F00FBB308 /* UILabel+LocalString.h */,
				1EE2906D1D21441F00FBB308 /* UILabel+LocalString.m */,
				1EE290701D21441F00FBB308 /* UITextField+LocalString.h */,
				1EE290711D21441F00FBB308 /* UITextField+LocalString.m */,
				1EE290721D21441F00FBB308 /* UITextView+LocalString.h */,
				1EE290731D21441F00FBB308 /* UITextView+LocalString.m */,
			);
			name = WZXExtension;
			path = WDExtension;
			sourceTree = "<group>";
		};
		1EE290781D21441F00FBB308 /* Core */ = {
			isa = PBXGroup;
			children = (
				1EE291991D21441F00FBB308 /* Noti */,
				1EE2919A1D21441F00FBB308 /* Pay */,
			);
			path = Core;
			sourceTree = "<group>";
		};
		1EE291991D21441F00FBB308 /* Noti */ = {
			isa = PBXGroup;
			children = (
			);
			path = Noti;
			sourceTree = "<group>";
		};
		1EE2919A1D21441F00FBB308 /* Pay */ = {
			isa = PBXGroup;
			children = (
			);
			path = Pay;
			sourceTree = "<group>";
		};
		1EE2919B1D21441F00FBB308 /* Models */ = {
			isa = PBXGroup;
			children = (
				1E442E541D224974003BD8BD /* UserObject.h */,
				1E442E551D224974003BD8BD /* UserObject.m */,
				1E1751061D27C75D000E6D56 /* WZXConversation.h */,
				1E1751071D27C75D000E6D56 /* WZXConversation.m */,
			);
			path = Models;
			sourceTree = "<group>";
		};
		1EE291A01D21441F00FBB308 /* Views */ = {
			isa = PBXGroup;
			children = (
			);
			path = Views;
			sourceTree = "<group>";
		};
		1EE291A11D21441F00FBB308 /* Helpers */ = {
			isa = PBXGroup;
			children = (
				1E442E4C1D222251003BD8BD /* WZXExtension.h */,
				1E442E4D1D222251003BD8BD /* WZXExtension.m */,
				1EE291A41D21441F00FBB308 /* Statics.h */,
				1EE291A51D21441F00FBB308 /* Statics.m */,
				1EE291A81D21441F00FBB308 /* WZXKeyChain.h */,
				1EE291A91D21441F00FBB308 /* WZXKeyChain.m */,
				1EE291AA1D21441F00FBB308 /* WZXProgressTool.h */,
				1EE291AB1D21441F00FBB308 /* WZXProgressTool.m */,
				1EE293601D2144CA00FBB308 /* WZXConstant.h */,
				1EE293611D2144CA00FBB308 /* WZXConstant.m */,
			);
			path = Helpers;
			sourceTree = "<group>";
		};
		1EE291AC1D21441F00FBB308 /* Macro */ = {
			isa = PBXGroup;
			children = (
				1EE291AD1D21441F00FBB308 /* AppMacro.h */,
				1EE291AE1D21441F00FBB308 /* NotificationMacro.h */,
				1EE291AF1D21441F00FBB308 /* UtilsMacro.h */,
				1EE291B01D21441F00FBB308 /* VendorMacro.h */,
			);
			path = Macro;
			sourceTree = "<group>";
		};
		1EE291B11D21441F00FBB308 /* Sections */ = {
			isa = PBXGroup;
			children = (
				1EE293911D2208FA00FBB308 /* AddressBook */,
				1EE293961D2208FA00FBB308 /* Setting */,
				1EE2939B1D2208FA00FBB308 /* Chat */,
				1EE293A01D2208FA00FBB308 /* Zone */,
				1EE293841D22088500FBB308 /* Login */,
				1EE293891D22088500FBB308 /* Main */,
			);
			path = Sections;
			sourceTree = "<group>";
		};
		1EE291EF1D21442000FBB308 /* Vendors */ = {
			isa = PBXGroup;
			children = (
				1EA5C7361D2F915300627DC0 /* WZXTime */,
				1E3777971D24F44D00C9B39A /* AVOSCloud */,
				1EE28D2D1D23F07E00DD1C6A /* WZXSheet */,
				1EE291F01D21442000FBB308 /* ProgressHUD */,
				1EE291F41D21442000FBB308 /* WDNetworking */,
				1EE291F71D21442000FBB308 /* WZXLines */,
				1EE291FB1D21442000FBB308 /* WZXThreadManager */,
				1EE291FE1D21442000FBB308 /* WZXTransitioning */,
				1EE292091D21442000FBB308 /* YYFPSLabel */,
			);
			path = Vendors;
			sourceTree = "<group>";
		};
		1EE291F01D21442000FBB308 /* ProgressHUD */ = {
			isa = PBXGroup;
			children = (
				1EE291F11D21442000FBB308 /* ProgressHUD.bundle */,
				1EE291F21D21442000FBB308 /* ProgressHUD.h */,
				1EE291F31D21442000FBB308 /* ProgressHUD.m */,
			);
			path = ProgressHUD;
			sourceTree = "<group>";
		};
		1EE291F41D21442000FBB308 /* WDNetworking */ = {
			isa = PBXGroup;
			children = (
				1EE291F51D21442000FBB308 /* WDNetworking.h */,
				1EE291F61D21442000FBB308 /* WDNetworking.m */,
			);
			path = WDNetworking;
			sourceTree = "<group>";
		};
		1EE291F71D21442000FBB308 /* WZXLines */ = {
			isa = PBXGroup;
			children = (
				1EE291F81D21442000FBB308 /* UIView+WZXLines.h */,
				1EE291F91D21442000FBB308 /* UIView+WZXLines.m */,
				1EE291FA1D21442000FBB308 /* WZXLines.h */,
			);
			path = WZXLines;
			sourceTree = "<group>";
		};
		1EE291FB1D21442000FBB308 /* WZXThreadManager */ = {
			isa = PBXGroup;
			children = (
				1EE291FC1D21442000FBB308 /* WZXThreadManager.h */,
				1EE291FD1D21442000FBB308 /* WZXThreadManager.m */,
			);
			path = WZXThreadManager;
			sourceTree = "<group>";
		};
		1EE291FE1D21442000FBB308 /* WZXTransitioning */ = {
			isa = PBXGroup;
			children = (
				1EE291FF1D21442000FBB308 /* Animations */,
				1EE292021D21442000FBB308 /* UIViewController+WZXModalTransitioning.h */,
				1EE292031D21442000FBB308 /* UIViewController+WZXModalTransitioning.m */,
				1EE292041D21442000FBB308 /* UIViewController+WZXPushTransitioning.h */,
				1EE292051D21442000FBB308 /* UIViewController+WZXPushTransitioning.m */,
				1EE292061D21442000FBB308 /* WZXAnimation.h */,
				1EE292071D21442000FBB308 /* WZXAnimation.m */,
				1EE292081D21442000FBB308 /* WZXTransitioning.h */,
			);
			path = WZXTransitioning;
			sourceTree = "<group>";
		};
		1EE291FF1D21442000FBB308 /* Animations */ = {
			isa = PBXGroup;
			children = (
				1EE292001D21442000FBB308 /* WZXFlipAnimation.h */,
				1EE292011D21442000FBB308 /* WZXFlipAnimation.m */,
			);
			path = Animations;
			sourceTree = "<group>";
		};
		1EE292091D21442000FBB308 /* YYFPSLabel */ = {
			isa = PBXGroup;
			children = (
				1EE2920A1D21442000FBB308 /* YYFPSLabel.h */,
				1EE2920B1D21442000FBB308 /* YYFPSLabel.m */,
			);
			path = YYFPSLabel;
			sourceTree = "<group>";
		};
		1EE2920C1D21442000FBB308 /* Resource */ = {
			isa = PBXGroup;
			children = (
				1EE2920D1D21442000FBB308 /* Fonts */,
				1EE2920E1D21442000FBB308 /* Images */,
				1EE292111D21442000FBB308 /* Sound */,
				1EE292131D21442000FBB308 /* Videos */,
			);
			path = Resource;
			sourceTree = "<group>";
		};
		1EE2920D1D21442000FBB308 /* Fonts */ = {
			isa = PBXGroup;
			children = (
			);
			path = Fonts;
			sourceTree = "<group>";
		};
		1EE2920E1D21442000FBB308 /* Images */ = {
			isa = PBXGroup;
			children = (
			);
			path = Images;
			sourceTree = "<group>";
		};
		1EE292111D21442000FBB308 /* Sound */ = {
			isa = PBXGroup;
			children = (
			);
			path = Sound;
			sourceTree = "<group>";
		};
		1EE292131D21442000FBB308 /* Videos */ = {
			isa = PBXGroup;
			children = (
			);
			path = Videos;
			sourceTree = "<group>";
		};
		1EE293831D22080D00FBB308 /* Frameworks */ = {
			isa = PBXGroup;
			children = (
				1E1751011D27B2C2000E6D56 /* libpthread.tbd */,
				1E1750FF1D279B75000E6D56 /* libSystem.tbd */,
				1E1750FD1D279300000E6D56 /* UIKit.framework */,
				1E1750FB1D2792FC000E6D56 /* SystemConfiguration.framework */,
				1E1750F91D2792F0000E6D56 /* QuartzCore.framework */,
				1E1750F71D2792EB000E6D56 /* OpenGLES.framework */,
				1E1750F51D2792E7000E6D56 /* MapKit.framework */,
				1E1750F31D2792E1000E6D56 /* libz.tbd */,
				1E1750F11D2792DB000E6D56 /* libxml2.tbd */,
				1E1750EF1D2792D0000E6D56 /* libstdc++.tbd */,
				1E1750ED1D2792C9000E6D56 /* libsqlite3.tbd */,
				1E1750EB1D2792C3000E6D56 /* libc++abi.tbd */,
				1E1750E91D2792BE000E6D56 /* libc++.tbd */,
				1E1750E71D2792B8000E6D56 /* ImageIO.framework */,
				1E1750E51D2792B3000E6D56 /* CoreVideo.framework */,
				1E1750E31D2792AD000E6D56 /* CoreTelephony.framework */,
				1E1750E11D2792A9000E6D56 /* CoreMedia.framework */,
				1E1750DF1D2792A4000E6D56 /* CoreLocation.framework */,
				1E1750DD1D27929F000E6D56 /* CoreGraphics.framework */,
				1E1750DB1D27929A000E6D56 /* CoreAudio.framework */,
				1E1750D91D279294000E6D56 /* CFNetwork.framework */,
				1E1750D71D279291000E6D56 /* AVFoundation.framework */,
				1E1750D51D27928D000E6D56 /* AudioToolbox.framework */,
				1E1750D31D279289000E6D56 /* AssetsLibrary.framework */,
				847C42E86E7F4B642353B329 /* Pods_WWeChat.framework */,
			);
			path = Frameworks;
			sourceTree = "<group>";
		};
		1EE293841D22088500FBB308 /* Login */ = {
			isa = PBXGroup;
			children = (
				1EE293851D22088500FBB308 /* Model */,
				1EE293861D22088500FBB308 /* View */,
				1EE293871D22088500FBB308 /* ViewController */,
				1EE293881D22088500FBB308 /* ViewModel */,
			);
			path = Login;
			sourceTree = "<group>";
		};
		1EE293851D22088500FBB308 /* Model */ = {
			isa = PBXGroup;
			children = (
			);
			path = Model;
			sourceTree = "<group>";
		};
		1EE293861D22088500FBB308 /* View */ = {
			isa = PBXGroup;
			children = (
				1EE28D051D227EA900DD1C6A /* LoginContentView.h */,
				1EE28D061D227EA900DD1C6A /* LoginContentView.m */,
				1EE28D121D23780B00DD1C6A /* RegisterContentView.h */,
				1EE28D131D23780B00DD1C6A /* RegisterContentView.m */,
			);
			path = View;
			sourceTree = "<group>";
		};
		1EE293871D22088500FBB308 /* ViewController */ = {
			isa = PBXGroup;
			children = (
				1EE28CF91D22671A00DD1C6A /* StartViewController.h */,
				1EE28CFA1D22671A00DD1C6A /* StartViewController.m */,
				1EE28CFC1D22673900DD1C6A /* LoginViewController.h */,
				1EE28CFD1D22673900DD1C6A /* LoginViewController.m */,
				1EE28CFF1D22674500DD1C6A /* RegisterViewController.h */,
				1EE28D001D22674500DD1C6A /* RegisterViewController.m */,
			);
			path = ViewController;
			sourceTree = "<group>";
		};
		1EE293881D22088500FBB308 /* ViewModel */ = {
			isa = PBXGroup;
			children = (
				1EE28D0F1D23726900DD1C6A /* LoginViewModel.h */,
				1EE28D101D23726900DD1C6A /* LoginViewModel.m */,
				1EE28D151D237AE600DD1C6A /* RegisterViewModel.h */,
				1EE28D161D237AE600DD1C6A /* RegisterViewModel.m */,
				1EE28D1B1D23A6C700DD1C6A /* StartViewModel.h */,
				1EE28D1C1D23A6C700DD1C6A /* StartViewModel.m */,
			);
			path = ViewModel;
			sourceTree = "<group>";
		};
		1EE293891D22088500FBB308 /* Main */ = {
			isa = PBXGroup;
			children = (
				1EE2938A1D22088500FBB308 /* Model */,
				1EE2938B1D22088500FBB308 /* View */,
				1EE2938C1D22088500FBB308 /* ViewController */,
				1EE2938D1D22088500FBB308 /* ViewModel */,
			);
			path = Main;
			sourceTree = "<group>";
		};
		1EE2938A1D22088500FBB308 /* Model */ = {
			isa = PBXGroup;
			children = (
			);
			path = Model;
			sourceTree = "<group>";
		};
		1EE2938B1D22088500FBB308 /* View */ = {
			isa = PBXGroup;
			children = (
			);
			path = View;
			sourceTree = "<group>";
		};
		1EE2938C1D22088500FBB308 /* ViewController */ = {
			isa = PBXGroup;
			children = (
				1EE2938E1D2208A100FBB308 /* TabBarViewController.h */,
				1EE2938F1D2208A100FBB308 /* TabBarViewController.m */,
				1EE28D021D22744000DD1C6A /* RootViewController.h */,
				1EE28D031D22744000DD1C6A /* RootViewController.m */,
			);
			path = ViewController;
			sourceTree = "<group>";
		};
		1EE2938D1D22088500FBB308 /* ViewModel */ = {
			isa = PBXGroup;
			children = (
			);
			path = ViewModel;
			sourceTree = "<group>";
		};
		1EE293911D2208FA00FBB308 /* AddressBook */ = {
			isa = PBXGroup;
			children = (
				1EE293921D2208FA00FBB308 /* Model */,
				1EE293931D2208FA00FBB308 /* View */,
				1EE293941D2208FA00FBB308 /* ViewController */,
				1EE293951D2208FA00FBB308 /* ViewModel */,
			);
			path = AddressBook;
			sourceTree = "<group>";
		};
		1EE293921D2208FA00FBB308 /* Model */ = {
			isa = PBXGroup;
			children = (
			);
			path = Model;
			sourceTree = "<group>";
		};
		1EE293931D2208FA00FBB308 /* View */ = {
			isa = PBXGroup;
			children = (
				1EE1E7521D265A6800579978 /* AddressBookCell.h */,
				1EE1E7531D265A6800579978 /* AddressBookCell.m */,
			);
			path = View;
			sourceTree = "<group>";
		};
		1EE293941D2208FA00FBB308 /* ViewController */ = {
			isa = PBXGroup;
			children = (
				1EE293A81D22091900FBB308 /* AddressBookViewController.h */,
				1EE293A91D22091900FBB308 /* AddressBookViewController.m */,
			);
			path = ViewController;
			sourceTree = "<group>";
		};
		1EE293951D2208FA00FBB308 /* ViewModel */ = {
			isa = PBXGroup;
			children = (
				1EE1E6F91D25284200579978 /* AddressBookViewModel.h */,
				1EE1E6FA1D25284200579978 /* AddressBookViewModel.m */,
			);
			path = ViewModel;
			sourceTree = "<group>";
		};
		1EE293961D2208FA00FBB308 /* Setting */ = {
			isa = PBXGroup;
			children = (
				1EE293971D2208FA00FBB308 /* Model */,
				1EE293981D2208FA00FBB308 /* View */,
				1EE293991D2208FA00FBB308 /* ViewController */,
				1EE2939A1D2208FA00FBB308 /* ViewModel */,
			);
			path = Setting;
			sourceTree = "<group>";
		};
		1EE293971D2208FA00FBB308 /* Model */ = {
			isa = PBXGroup;
			children = (
			);
			path = Model;
			sourceTree = "<group>";
		};
		1EE293981D2208FA00FBB308 /* View */ = {
			isa = PBXGroup;
			children = (
				1E442E4F1D2244DF003BD8BD /* MeCell.h */,
				1E442E501D2244DF003BD8BD /* MeCell.m */,
				1E442E511D2244DF003BD8BD /* MeCell.xib */,
			);
			path = View;
			sourceTree = "<group>";
		};
		1EE293991D2208FA00FBB308 /* ViewController */ = {
			isa = PBXGroup;
			children = (
				1EE28D241D23C9B400DD1C6A /* ChangeDataViewController.h */,
				1EE28D251D23C9B400DD1C6A /* ChangeDataViewController.m */,
				1EE293AB1D22092400FBB308 /* MeViewController.h */,
				1EE293AC1D22092400FBB308 /* MeViewController.m */,
				1EE28D1E1D23AAF600DD1C6A /* EditMeanViewController.h */,
				1EE28D1F1D23AAF600DD1C6A /* EditMeanViewController.m */,
				1EE28D341D24B0CA00DD1C6A /* ChangeAvaterViewController.h */,
				1EE28D351D24B0CA00DD1C6A /* ChangeAvaterViewController.m */,
			);
			path = ViewController;
			sourceTree = "<group>";
		};
		1EE2939A1D2208FA00FBB308 /* ViewModel */ = {
			isa = PBXGroup;
			children = (
				1EE28D2A1D23ED5A00DD1C6A /* ChangeDataViewModel.h */,
				1EE28D2B1D23ED5A00DD1C6A /* ChangeDataViewModel.m */,
			);
			path = ViewModel;
			sourceTree = "<group>";
		};
		1EE2939B1D2208FA00FBB308 /* Chat */ = {
			isa = PBXGroup;
			children = (
				1EE2939C1D2208FA00FBB308 /* Model */,
				1EE2939D1D2208FA00FBB308 /* View */,
				1EE2939E1D2208FA00FBB308 /* ViewController */,
				1EE2939F1D2208FA00FBB308 /* ViewModel */,
			);
			path = Chat;
			sourceTree = "<group>";
		};
		1EE2939C1D2208FA00FBB308 /* Model */ = {
			isa = PBXGroup;
			children = (
				1E68ACC01D2DF66D00AC63E9 /* MessageModel.h */,
				1E68ACC11D2DF66D00AC63E9 /* MessageModel.m */,
			);
			path = Model;
			sourceTree = "<group>";
		};
		1EE2939D1D2208FA00FBB308 /* View */ = {
			isa = PBXGroup;
			children = (
				1EA692E01DB719F80066610F /* PrivateChatCell.h */,
				1EA692E11DB719F80066610F /* PrivateChatCell.m */,
				1EA5C73A1D2F990800627DC0 /* KeyboardView.h */,
				1EA5C73B1D2F990800627DC0 /* KeyboardView.m */,
				1EE1E74A1D26577B00579978 /* ConversationCell.h */,
				1EE1E74B1D26577B00579978 /* ConversationCell.m */,
				1E68ACBD1D2D2FDE00AC63E9 /* BubbleView.h */,
				1E68ACBE1D2D2FDE00AC63E9 /* BubbleView.m */,
			);
			path = View;
			sourceTree = "<group>";
		};
		1EE2939E1D2208FA00FBB308 /* ViewController */ = {
			isa = PBXGroup;
			children = (
				1E68AC5B1D2CAD8600AC63E9 /* ChatDetailViewController.h */,
				1E68AC5C1D2CAD8600AC63E9 /* ChatDetailViewController.m */,
				1EE1E7411D26563800579978 /* ChatViewController.h */,
				1EE1E7421D26563800579978 /* ChatViewController.m */,
			);
			path = ViewController;
			sourceTree = "<group>";
		};
		1EE2939F1D2208FA00FBB308 /* ViewModel */ = {
			isa = PBXGroup;
			children = (
				1E1751031D27B781000E6D56 /* ChatViewModel.h */,
				1E1751041D27B781000E6D56 /* ChatViewModel.m */,
			);
			path = ViewModel;
			sourceTree = "<group>";
		};
		1EE293A01D2208FA00FBB308 /* Zone */ = {
			isa = PBXGroup;
			children = (
				1EE293A11D2208FA00FBB308 /* Model */,
				1EE293A21D2208FA00FBB308 /* View */,
				1EE293A31D2208FA00FBB308 /* ViewController */,
				1EE293A41D2208FA00FBB308 /* ViewModel */,
			);
			path = Zone;
			sourceTree = "<group>";
		};
		1EE293A11D2208FA00FBB308 /* Model */ = {
			isa = PBXGroup;
			children = (
			);
			path = Model;
			sourceTree = "<group>";
		};
		1EE293A21D2208FA00FBB308 /* View */ = {
			isa = PBXGroup;
			children = (
			);
			path = View;
			sourceTree = "<group>";
		};
		1EE293A31D2208FA00FBB308 /* ViewController */ = {
			isa = PBXGroup;
			children = (
				1EE293AE1D22093000FBB308 /* ZoneViewController.h */,
				1EE293AF1D22093000FBB308 /* ZoneViewController.m */,
			);
			path = ViewController;
			sourceTree = "<group>";
		};
		1EE293A41D2208FA00FBB308 /* ViewModel */ = {
			isa = PBXGroup;
			children = (
			);
			path = ViewModel;
			sourceTree = "<group>";
		};
		4A97CF9F0B74CD16509CD888 /* Pods */ = {
			isa = PBXGroup;
			children = (
				F38F835FEBCD5017AE183DD8 /* Pods-WWeChat.debug.xcconfig */,
				C75BB25DE3786209E2E68CF7 /* Pods-WWeChat.release.xcconfig */,
			);
			name = Pods;
			sourceTree = "<group>";
		};
/* End PBXGroup section */

/* Begin PBXNativeTarget section */
		1EE290171D2143DD00FBB308 /* WWeChat */ = {
			isa = PBXNativeTarget;
			buildConfigurationList = 1EE290451D2143DD00FBB308 /* Build configuration list for PBXNativeTarget "WWeChat" */;
			buildPhases = (
				EB8FB00BAEF2A6F0FC6D7F67 /* Check Pods Manifest.lock */,
				1EE290141D2143DD00FBB308 /* Sources */,
				1EE290151D2143DD00FBB308 /* Frameworks */,
				1EE290161D2143DD00FBB308 /* Resources */,
				439B71C8E99E29664EF4C717 /* Embed Pods Frameworks */,
				03CAB6563D3BF4DECAE8F06E /* Copy Pods Resources */,
				1E37779C1D24F59200C9B39A /* Embed Frameworks */,
			);
			buildRules = (
			);
			dependencies = (
			);
			name = WWeChat;
			productName = WWeChat;
			productReference = 1EE290181D2143DD00FBB308 /* WWeChat.app */;
			productType = "com.apple.product-type.application";
		};
		1EE290301D2143DD00FBB308 /* WWeChatTests */ = {
			isa = PBXNativeTarget;
			buildConfigurationList = 1EE290481D2143DD00FBB308 /* Build configuration list for PBXNativeTarget "WWeChatTests" */;
			buildPhases = (
				1EE2902D1D2143DD00FBB308 /* Sources */,
				1EE2902E1D2143DD00FBB308 /* Frameworks */,
				1EE2902F1D2143DD00FBB308 /* Resources */,
			);
			buildRules = (
			);
			dependencies = (
				1EE290331D2143DD00FBB308 /* PBXTargetDependency */,
			);
			name = WWeChatTests;
			productName = WWeChatTests;
			productReference = 1EE290311D2143DD00FBB308 /* WWeChatTests.xctest */;
			productType = "com.apple.product-type.bundle.unit-test";
		};
		1EE2903B1D2143DD00FBB308 /* WWeChatUITests */ = {
			isa = PBXNativeTarget;
			buildConfigurationList = 1EE2904B1D2143DD00FBB308 /* Build configuration list for PBXNativeTarget "WWeChatUITests" */;
			buildPhases = (
				1EE290381D2143DD00FBB308 /* Sources */,
				1EE290391D2143DD00FBB308 /* Frameworks */,
				1EE2903A1D2143DD00FBB308 /* Resources */,
			);
			buildRules = (
			);
			dependencies = (
				1EE2903E1D2143DD00FBB308 /* PBXTargetDependency */,
			);
			name = WWeChatUITests;
			productName = WWeChatUITests;
			productReference = 1EE2903C1D2143DD00FBB308 /* WWeChatUITests.xctest */;
			productType = "com.apple.product-type.bundle.ui-testing";
		};
/* End PBXNativeTarget section */

/* Begin PBXProject section */
		1EE290101D2143DD00FBB308 /* Project object */ = {
			isa = PBXProject;
			attributes = {
				LastUpgradeCheck = 0720;
				ORGANIZATIONNAME = WzxJiang;
				TargetAttributes = {
					1EE290171D2143DD00FBB308 = {
						CreatedOnToolsVersion = 7.2;
						DevelopmentTeam = 475L2MZD72;
					};
					1EE290301D2143DD00FBB308 = {
						CreatedOnToolsVersion = 7.2;
						TestTargetID = 1EE290171D2143DD00FBB308;
					};
					1EE2903B1D2143DD00FBB308 = {
						CreatedOnToolsVersion = 7.2;
						TestTargetID = 1EE290171D2143DD00FBB308;
					};
				};
			};
			buildConfigurationList = 1EE290131D2143DD00FBB308 /* Build configuration list for PBXProject "WWeChat" */;
			compatibilityVersion = "Xcode 3.2";
			developmentRegion = English;
			hasScannedForEncodings = 0;
			knownRegions = (
				en,
				Base,
				"zh-Hans",
			);
			mainGroup = 1EE2900F1D2143DD00FBB308;
			productRefGroup = 1EE290191D2143DD00FBB308 /* Products */;
			projectDirPath = "";
			projectRoot = "";
			targets = (
				1EE290171D2143DD00FBB308 /* WWeChat */,
				1EE290301D2143DD00FBB308 /* WWeChatTests */,
				1EE2903B1D2143DD00FBB308 /* WWeChatUITests */,
			);
		};
/* End PBXProject section */

/* Begin PBXResourcesBuildPhase section */
		1EE290161D2143DD00FBB308 /* Resources */ = {
			isa = PBXResourcesBuildPhase;
			buildActionMask = 2147483647;
			files = (
				1EE2902B1D2143DD00FBB308 /* LaunchScreen.storyboard in Resources */,
				1E442E531D2244DF003BD8BD /* MeCell.xib in Resources */,
				1EE293531D21442000FBB308 /* ProgressHUD.bundle in Resources */,
				1EE290281D2143DD00FBB308 /* Assets.xcassets in Resources */,
			);
			runOnlyForDeploymentPostprocessing = 0;
		};
		1EE2902F1D2143DD00FBB308 /* Resources */ = {
			isa = PBXResourcesBuildPhase;
			buildActionMask = 2147483647;
			files = (
			);
			runOnlyForDeploymentPostprocessing = 0;
		};
		1EE2903A1D2143DD00FBB308 /* Resources */ = {
			isa = PBXResourcesBuildPhase;
			buildActionMask = 2147483647;
			files = (
			);
			runOnlyForDeploymentPostprocessing = 0;
		};
/* End PBXResourcesBuildPhase section */

/* Begin PBXShellScriptBuildPhase section */
		03CAB6563D3BF4DECAE8F06E /* Copy Pods Resources */ = {
			isa = PBXShellScriptBuildPhase;
			buildActionMask = 2147483647;
			files = (
			);
			inputPaths = (
			);
			name = "Copy Pods Resources";
			outputPaths = (
			);
			runOnlyForDeploymentPostprocessing = 0;
			shellPath = /bin/sh;
			shellScript = "\"${SRCROOT}/Pods/Target Support Files/Pods-WWeChat/Pods-WWeChat-resources.sh\"\n";
			showEnvVarsInLog = 0;
		};
		439B71C8E99E29664EF4C717 /* Embed Pods Frameworks */ = {
			isa = PBXShellScriptBuildPhase;
			buildActionMask = 2147483647;
			files = (
			);
			inputPaths = (
			);
			name = "Embed Pods Frameworks";
			outputPaths = (
			);
			runOnlyForDeploymentPostprocessing = 0;
			shellPath = /bin/sh;
			shellScript = "\"${SRCROOT}/Pods/Target Support Files/Pods-WWeChat/Pods-WWeChat-frameworks.sh\"\n";
			showEnvVarsInLog = 0;
		};
		EB8FB00BAEF2A6F0FC6D7F67 /* Check Pods Manifest.lock */ = {
			isa = PBXShellScriptBuildPhase;
			buildActionMask = 2147483647;
			files = (
			);
			inputPaths = (
			);
			name = "Check Pods Manifest.lock";
			outputPaths = (
			);
			runOnlyForDeploymentPostprocessing = 0;
			shellPath = /bin/sh;
			shellScript = "diff \"${PODS_ROOT}/../Podfile.lock\" \"${PODS_ROOT}/Manifest.lock\" > /dev/null\nif [[ $? != 0 ]] ; then\n    cat << EOM\nerror: The sandbox is not in sync with the Podfile.lock. Run 'pod install' or update your CocoaPods installation.\nEOM\n    exit 1\nfi\n";
			showEnvVarsInLog = 0;
		};
/* End PBXShellScriptBuildPhase section */

/* Begin PBXSourcesBuildPhase section */
		1EE290141D2143DD00FBB308 /* Sources */ = {
			isa = PBXSourcesBuildPhase;
			buildActionMask = 2147483647;
			files = (
				1EA5C7391D2F915300627DC0 /* WZXTimeTool.m in Sources */,
				1EE2921D1D21442000FBB308 /* NSDictionary+WZXExtension.m in Sources */,
				1EE28D321D23F07E00DD1C6A /* WZXAction.m in Sources */,
				1EE293671D214A4C00FBB308 /* BaseViewController.m in Sources */,
				1EE292141D21442000FBB308 /* AppDelegate.m in Sources */,
				1EE2935C1D21442000FBB308 /* YYFPSLabel.m in Sources */,
				1EE293B01D22093000FBB308 /* ZoneViewController.m in Sources */,
				1E442E521D2244DF003BD8BD /* MeCell.m in Sources */,
				1EE2921C1D21442000FBB308 /* BaseViewModel.m in Sources */,
				1EE1E7551D265A6800579978 /* AddressBookCell.m in Sources */,
				1E442E4E1D222251003BD8BD /* WZXExtension.m in Sources */,
				1EA692E21DB719F80066610F /* PrivateChatCell.m in Sources */,
				1EE28D041D22744000DD1C6A /* RootViewController.m in Sources */,
				1EE292181D21442000FBB308 /* BaseModel.m in Sources */,
				1EE293541D21442000FBB308 /* ProgressHUD.m in Sources */,
				1EE28D071D227EA900DD1C6A /* LoginContentView.m in Sources */,
				1E68ACBF1D2D2FDE00AC63E9 /* BubbleView.m in Sources */,
				1EE292211D21442000FBB308 /* UIScrollView+WZXExtension.m in Sources */,
				1E1751081D27C75D000E6D56 /* WZXConversation.m in Sources */,
				1EE28D1D1D23A6C700DD1C6A /* StartViewModel.m in Sources */,
				1EE28D361D24B0CA00DD1C6A /* ChangeAvaterViewController.m in Sources */,
				1EE1E6FB1D25284200579978 /* AddressBookViewModel.m in Sources */,
				1EE1E74D1D26577B00579978 /* ConversationCell.m in Sources */,
				1EE292221D21442000FBB308 /* UITextField+LocalString.m in Sources */,
				1EE1E7491D2656FA00579978 /* BaseChatViewController.m in Sources */,
				1EE292151D21442000FBB308 /* ThridPartService.m in Sources */,
				1EE2935A1D21442000FBB308 /* UIViewController+WZXPushTransitioning.m in Sources */,
				1EE293AA1D22091900FBB308 /* AddressBookViewController.m in Sources */,
				1EE28D171D237AE600DD1C6A /* RegisterViewModel.m in Sources */,
				1EE2933D1D21442000FBB308 /* WZXProgressTool.m in Sources */,
				1EE293581D21442000FBB308 /* WZXFlipAnimation.m in Sources */,
				1E443CCD1D225B55003BD8BD /* RLMRealm+WZXExtension.m in Sources */,
				1EE293591D21442000FBB308 /* UIViewController+WZXModalTransitioning.m in Sources */,
				1EE2935B1D21442000FBB308 /* WZXAnimation.m in Sources */,
				1E1751051D27B781000E6D56 /* ChatViewModel.m in Sources */,
				1EE292231D21442000FBB308 /* UITextView+LocalString.m in Sources */,
				1E68AC5D1D2CAD8600AC63E9 /* ChatDetailViewController.m in Sources */,
				1EE28D111D23726900DD1C6A /* LoginViewModel.m in Sources */,
				1EE28D261D23C9B400DD1C6A /* ChangeDataViewController.m in Sources */,
				1EA5C73C1D2F990800627DC0 /* KeyboardView.m in Sources */,
				1EE2921E1D21442000FBB308 /* NSString+WZXExtension.m in Sources */,
				1EE1E6AD1D2500ED00579978 /* BaseImgPickerViewController.m in Sources */,
				1EE28D011D22674500DD1C6A /* RegisterViewController.m in Sources */,
				1EE28CFB1D22671A00DD1C6A /* StartViewController.m in Sources */,
				1EE28CFE1D22673900DD1C6A /* LoginViewController.m in Sources */,
				1EE293AD1D22092400FBB308 /* MeViewController.m in Sources */,
				1EE293571D21442000FBB308 /* WZXThreadManager.m in Sources */,
				1EE1E7451D26563800579978 /* ChatViewController.m in Sources */,
				1E68ACC21D2DF66D00AC63E9 /* MessageModel.m in Sources */,
				1EE2933C1D21442000FBB308 /* WZXKeyChain.m in Sources */,
				1E442E561D224974003BD8BD /* UserObject.m in Sources */,
				1EE292201D21442000FBB308 /* UILabel+LocalString.m in Sources */,
				1EE293551D21442000FBB308 /* WDNetworking.m in Sources */,
				1EE2921F1D21442000FBB308 /* UIButton+LocalString.m in Sources */,
				1EE2921A1D21442000FBB308 /* BaseView.m in Sources */,
				1EE293901D2208A100FBB308 /* TabBarViewController.m in Sources */,
				1EE2901D1D2143DD00FBB308 /* main.m in Sources */,
				1EE28D201D23AAF600DD1C6A /* EditMeanViewController.m in Sources */,
				1EE28D141D23780B00DD1C6A /* RegisterContentView.m in Sources */,
				1EE28D2C1D23ED5A00DD1C6A /* ChangeDataViewModel.m in Sources */,
				1EE293621D2144CA00FBB308 /* WZXConstant.m in Sources */,
				1EE292191D21442000FBB308 /* BaseTextField.m in Sources */,
				1EE292241D21442000FBB308 /* UIView+WZXExtension.m in Sources */,
				1EE293561D21442000FBB308 /* UIView+WZXLines.m in Sources */,
				1EE28D331D23F07E00DD1C6A /* WZXSheetView.m in Sources */,
				1EE2933A1D21442000FBB308 /* Statics.m in Sources */,
			);
			runOnlyForDeploymentPostprocessing = 0;
		};
		1EE2902D1D2143DD00FBB308 /* Sources */ = {
			isa = PBXSourcesBuildPhase;
			buildActionMask = 2147483647;
			files = (
				1EE290361D2143DD00FBB308 /* WWeChatTests.m in Sources */,
			);
			runOnlyForDeploymentPostprocessing = 0;
		};
		1EE290381D2143DD00FBB308 /* Sources */ = {
			isa = PBXSourcesBuildPhase;
			buildActionMask = 2147483647;
			files = (
				1EE290411D2143DD00FBB308 /* WWeChatUITests.m in Sources */,
			);
			runOnlyForDeploymentPostprocessing = 0;
		};
/* End PBXSourcesBuildPhase section */

/* Begin PBXTargetDependency section */
		1EE290331D2143DD00FBB308 /* PBXTargetDependency */ = {
			isa = PBXTargetDependency;
			target = 1EE290171D2143DD00FBB308 /* WWeChat */;
			targetProxy = 1EE290321D2143DD00FBB308 /* PBXContainerItemProxy */;
		};
		1EE2903E1D2143DD00FBB308 /* PBXTargetDependency */ = {
			isa = PBXTargetDependency;
			target = 1EE290171D2143DD00FBB308 /* WWeChat */;
			targetProxy = 1EE2903D1D2143DD00FBB308 /* PBXContainerItemProxy */;
		};
/* End PBXTargetDependency section */

/* Begin PBXVariantGroup section */
		1EE290291D2143DD00FBB308 /* LaunchScreen.storyboard */ = {
			isa = PBXVariantGroup;
			children = (
				1EE2902A1D2143DD00FBB308 /* Base */,
			);
			name = LaunchScreen.storyboard;
			sourceTree = "<group>";
		};
/* End PBXVariantGroup section */

/* Begin XCBuildConfiguration section */
		1EE290431D2143DD00FBB308 /* Debug */ = {
			isa = XCBuildConfiguration;
			buildSettings = {
				ALWAYS_SEARCH_USER_PATHS = NO;
				CLANG_CXX_LANGUAGE_STANDARD = "gnu++0x";
				CLANG_CXX_LIBRARY = "libc++";
				CLANG_ENABLE_MODULES = YES;
				CLANG_ENABLE_OBJC_ARC = YES;
				CLANG_WARN_BOOL_CONVERSION = YES;
				CLANG_WARN_CONSTANT_CONVERSION = YES;
				CLANG_WARN_DIRECT_OBJC_ISA_USAGE = YES_ERROR;
				CLANG_WARN_EMPTY_BODY = YES;
				CLANG_WARN_ENUM_CONVERSION = YES;
				CLANG_WARN_INT_CONVERSION = YES;
				CLANG_WARN_OBJC_ROOT_CLASS = YES_ERROR;
				CLANG_WARN_UNREACHABLE_CODE = YES;
				CLANG_WARN__DUPLICATE_METHOD_MATCH = YES;
				CODE_SIGN_IDENTITY = "iPhone Developer";
				"CODE_SIGN_IDENTITY[sdk=iphoneos*]" = "iPhone Developer";
				COPY_PHASE_STRIP = NO;
				DEBUG_INFORMATION_FORMAT = dwarf;
				ENABLE_STRICT_OBJC_MSGSEND = YES;
				ENABLE_TESTABILITY = YES;
				GCC_C_LANGUAGE_STANDARD = gnu99;
				GCC_DYNAMIC_NO_PIC = NO;
				GCC_NO_COMMON_BLOCKS = YES;
				GCC_OPTIMIZATION_LEVEL = 0;
				GCC_PREPROCESSOR_DEFINITIONS = (
					"DEBUG=1",
					"$(inherited)",
				);
				GCC_WARN_64_TO_32_BIT_CONVERSION = YES;
				GCC_WARN_ABOUT_RETURN_TYPE = YES_ERROR;
				GCC_WARN_UNDECLARED_SELECTOR = YES;
				GCC_WARN_UNINITIALIZED_AUTOS = YES_AGGRESSIVE;
				GCC_WARN_UNUSED_FUNCTION = YES;
				GCC_WARN_UNUSED_VARIABLE = YES;
				IPHONEOS_DEPLOYMENT_TARGET = 9.2;
				MTL_ENABLE_DEBUG_INFO = YES;
				ONLY_ACTIVE_ARCH = YES;
				SDKROOT = iphoneos;
			};
			name = Debug;
		};
		1EE290441D2143DD00FBB308 /* Release */ = {
			isa = XCBuildConfiguration;
			buildSettings = {
				ALWAYS_SEARCH_USER_PATHS = NO;
				CLANG_CXX_LANGUAGE_STANDARD = "gnu++0x";
				CLANG_CXX_LIBRARY = "libc++";
				CLANG_ENABLE_MODULES = YES;
				CLANG_ENABLE_OBJC_ARC = YES;
				CLANG_WARN_BOOL_CONVERSION = YES;
				CLANG_WARN_CONSTANT_CONVERSION = YES;
				CLANG_WARN_DIRECT_OBJC_ISA_USAGE = YES_ERROR;
				CLANG_WARN_EMPTY_BODY = YES;
				CLANG_WARN_ENUM_CONVERSION = YES;
				CLANG_WARN_INT_CONVERSION = YES;
				CLANG_WARN_OBJC_ROOT_CLASS = YES_ERROR;
				CLANG_WARN_UNREACHABLE_CODE = YES;
				CLANG_WARN__DUPLICATE_METHOD_MATCH = YES;
				CODE_SIGN_IDENTITY = "iPhone Developer";
				"CODE_SIGN_IDENTITY[sdk=iphoneos*]" = "iPhone Developer";
				COPY_PHASE_STRIP = NO;
				DEBUG_INFORMATION_FORMAT = "dwarf-with-dsym";
				ENABLE_NS_ASSERTIONS = NO;
				ENABLE_STRICT_OBJC_MSGSEND = YES;
				GCC_C_LANGUAGE_STANDARD = gnu99;
				GCC_NO_COMMON_BLOCKS = YES;
				GCC_WARN_64_TO_32_BIT_CONVERSION = YES;
				GCC_WARN_ABOUT_RETURN_TYPE = YES_ERROR;
				GCC_WARN_UNDECLARED_SELECTOR = YES;
				GCC_WARN_UNINITIALIZED_AUTOS = YES_AGGRESSIVE;
				GCC_WARN_UNUSED_FUNCTION = YES;
				GCC_WARN_UNUSED_VARIABLE = YES;
				IPHONEOS_DEPLOYMENT_TARGET = 9.2;
				MTL_ENABLE_DEBUG_INFO = NO;
				SDKROOT = iphoneos;
				VALIDATE_PRODUCT = YES;
			};
			name = Release;
		};
		1EE290461D2143DD00FBB308 /* Debug */ = {
			isa = XCBuildConfiguration;
			baseConfigurationReference = F38F835FEBCD5017AE183DD8 /* Pods-WWeChat.debug.xcconfig */;
			buildSettings = {
				ASSETCATALOG_COMPILER_APPICON_NAME = AppIcon;
				ASSETCATALOG_COMPILER_LAUNCHIMAGE_NAME = LaunchImage;
				CODE_SIGN_IDENTITY = "iPhone Developer";
				FRAMEWORK_SEARCH_PATHS = (
					"$(inherited)",
					"$(PROJECT_DIR)/WWeChat/Class/Vendors/AVOSCloud",
				);
				GCC_PREFIX_HEADER = "$(SRCROOT)/WWeChat/pchFile.h";
				INFOPLIST_FILE = WWeChat/Info.plist;
				IPHONEOS_DEPLOYMENT_TARGET = 8.0;
				LD_RUNPATH_SEARCH_PATHS = "$(inherited) @executable_path/Frameworks";
				LIBRARY_SEARCH_PATHS = "$(inherited)";
				PRODUCT_BUNDLE_IDENTIFIER = com.info.wordoor;
				PRODUCT_NAME = "$(TARGET_NAME)";
			};
			name = Debug;
		};
		1EE290471D2143DD00FBB308 /* Release */ = {
			isa = XCBuildConfiguration;
			baseConfigurationReference = C75BB25DE3786209E2E68CF7 /* Pods-WWeChat.release.xcconfig */;
			buildSettings = {
				ASSETCATALOG_COMPILER_APPICON_NAME = AppIcon;
				ASSETCATALOG_COMPILER_LAUNCHIMAGE_NAME = LaunchImage;
				CODE_SIGN_IDENTITY = "iPhone Developer";
				FRAMEWORK_SEARCH_PATHS = (
					"$(inherited)",
					"$(PROJECT_DIR)/WWeChat/Class/Vendors/AVOSCloud",
				);
				GCC_PREFIX_HEADER = "$(SRCROOT)/WWeChat/pchFile.h";
				INFOPLIST_FILE = WWeChat/Info.plist;
				IPHONEOS_DEPLOYMENT_TARGET = 8.0;
				LD_RUNPATH_SEARCH_PATHS = "$(inherited) @executable_path/Frameworks";
				LIBRARY_SEARCH_PATHS = "$(inherited)";
				PRODUCT_BUNDLE_IDENTIFIER = com.info.wordoor;
				PRODUCT_NAME = "$(TARGET_NAME)";
			};
			name = Release;
		};
		1EE290491D2143DD00FBB308 /* Debug */ = {
			isa = XCBuildConfiguration;
			buildSettings = {
				BUNDLE_LOADER = "$(TEST_HOST)";
				INFOPLIST_FILE = WWeChatTests/Info.plist;
				LD_RUNPATH_SEARCH_PATHS = "$(inherited) @executable_path/Frameworks @loader_path/Frameworks";
				PRODUCT_BUNDLE_IDENTIFIER = com.wzxjiang.WWeChatTests;
				PRODUCT_NAME = "$(TARGET_NAME)";
				TEST_HOST = "$(BUILT_PRODUCTS_DIR)/WWeChat.app/WWeChat";
			};
			name = Debug;
		};
		1EE2904A1D2143DD00FBB308 /* Release */ = {
			isa = XCBuildConfiguration;
			buildSettings = {
				BUNDLE_LOADER = "$(TEST_HOST)";
				INFOPLIST_FILE = WWeChatTests/Info.plist;
				LD_RUNPATH_SEARCH_PATHS = "$(inherited) @executable_path/Frameworks @loader_path/Frameworks";
				PRODUCT_BUNDLE_IDENTIFIER = com.wzxjiang.WWeChatTests;
				PRODUCT_NAME = "$(TARGET_NAME)";
				TEST_HOST = "$(BUILT_PRODUCTS_DIR)/WWeChat.app/WWeChat";
			};
			name = Release;
		};
		1EE2904C1D2143DD00FBB308 /* Debug */ = {
			isa = XCBuildConfiguration;
			buildSettings = {
				INFOPLIST_FILE = WWeChatUITests/Info.plist;
				LD_RUNPATH_SEARCH_PATHS = "$(inherited) @executable_path/Frameworks @loader_path/Frameworks";
				PRODUCT_BUNDLE_IDENTIFIER = com.wzxjiang.WWeChatUITests;
				PRODUCT_NAME = "$(TARGET_NAME)";
				TEST_TARGET_NAME = WWeChat;
				USES_XCTRUNNER = YES;
			};
			name = Debug;
		};
		1EE2904D1D2143DD00FBB308 /* Release */ = {
			isa = XCBuildConfiguration;
			buildSettings = {
				INFOPLIST_FILE = WWeChatUITests/Info.plist;
				LD_RUNPATH_SEARCH_PATHS = "$(inherited) @executable_path/Frameworks @loader_path/Frameworks";
				PRODUCT_BUNDLE_IDENTIFIER = com.wzxjiang.WWeChatUITests;
				PRODUCT_NAME = "$(TARGET_NAME)";
				TEST_TARGET_NAME = WWeChat;
				USES_XCTRUNNER = YES;
			};
			name = Release;
		};
/* End XCBuildConfiguration section */

/* Begin XCConfigurationList section */
		1EE290131D2143DD00FBB308 /* Build configuration list for PBXProject "WWeChat" */ = {
			isa = XCConfigurationList;
			buildConfigurations = (
				1EE290431D2143DD00FBB308 /* Debug */,
				1EE290441D2143DD00FBB308 /* Release */,
			);
			defaultConfigurationIsVisible = 0;
			defaultConfigurationName = Release;
		};
		1EE290451D2143DD00FBB308 /* Build configuration list for PBXNativeTarget "WWeChat" */ = {
			isa = XCConfigurationList;
			buildConfigurations = (
				1EE290461D2143DD00FBB308 /* Debug */,
				1EE290471D2143DD00FBB308 /* Release */,
			);
			defaultConfigurationIsVisible = 0;
			defaultConfigurationName = Release;
		};
		1EE290481D2143DD00FBB308 /* Build configuration list for PBXNativeTarget "WWeChatTests" */ = {
			isa = XCConfigurationList;
			buildConfigurations = (
				1EE290491D2143DD00FBB308 /* Debug */,
				1EE2904A1D2143DD00FBB308 /* Release */,
			);
			defaultConfigurationIsVisible = 0;
			defaultConfigurationName = Release;
		};
		1EE2904B1D2143DD00FBB308 /* Build configuration list for PBXNativeTarget "WWeChatUITests" */ = {
			isa = XCConfigurationList;
			buildConfigurations = (
				1EE2904C1D2143DD00FBB308 /* Debug */,
				1EE2904D1D2143DD00FBB308 /* Release */,
			);
			defaultConfigurationIsVisible = 0;
			defaultConfigurationName = Release;
		};
/* End XCConfigurationList section */
	};
	rootObject = 1EE290101D2143DD00FBB308 /* Project object */;
}
